// !$*UTF8*$!
{
	archiveVersion = 1;
	classes = {
	};
	objectVersion = 50;
	objects = {

/* Begin PBXBuildFile section */
		BE25DE152379ED5A00324430 /* TimeIsMoneyEngine.framework in Frameworks */ = {isa = PBXBuildFile; fileRef = BE25DE0B2379ED5A00324430 /* TimeIsMoneyEngine.framework */; };
		BE25DE262379EDA400324430 /* FlowTests.swift in Sources */ = {isa = PBXBuildFile; fileRef = BE25DE252379EDA400324430 /* FlowTests.swift */; };
		BE25DE282379EF2B00324430 /* Flow.swift in Sources */ = {isa = PBXBuildFile; fileRef = BE25DE272379EF2B00324430 /* Flow.swift */; };
		BE815F2E2383247D00000FB9 /* TimeTextTranslatorTests.swift in Sources */ = {isa = PBXBuildFile; fileRef = BE815F2D2383247D00000FB9 /* TimeTextTranslatorTests.swift */; };
/* End PBXBuildFile section */

/* Begin PBXContainerItemProxy section */
		BE25DE162379ED5A00324430 /* PBXContainerItemProxy */ = {
			isa = PBXContainerItemProxy;
			containerPortal = BE25DE022379ED5900324430 /* Project object */;
			proxyType = 1;
			remoteGlobalIDString = BE25DE0A2379ED5A00324430;
			remoteInfo = TimeIsMoneyEngine;
		};
/* End PBXContainerItemProxy section */

/* Begin PBXFileReference section */
		BE25DE0B2379ED5A00324430 /* TimeIsMoneyEngine.framework */ = {isa = PBXFileReference; explicitFileType = wrapper.framework; includeInIndex = 0; path = TimeIsMoneyEngine.framework; sourceTree = BUILT_PRODUCTS_DIR; };
		BE25DE0F2379ED5A00324430 /* Info.plist */ = {isa = PBXFileReference; lastKnownFileType = text.plist.xml; path = Info.plist; sourceTree = "<group>"; };
		BE25DE142379ED5A00324430 /* TimeIsMoneyEngineTests.xctest */ = {isa = PBXFileReference; explicitFileType = wrapper.cfbundle; includeInIndex = 0; path = TimeIsMoneyEngineTests.xctest; sourceTree = BUILT_PRODUCTS_DIR; };
		BE25DE1B2379ED5A00324430 /* Info.plist */ = {isa = PBXFileReference; lastKnownFileType = text.plist.xml; path = Info.plist; sourceTree = "<group>"; };
		BE25DE252379EDA400324430 /* FlowTests.swift */ = {isa = PBXFileReference; lastKnownFileType = sourcecode.swift; path = FlowTests.swift; sourceTree = "<group>"; };
		BE25DE272379EF2B00324430 /* Flow.swift */ = {isa = PBXFileReference; lastKnownFileType = sourcecode.swift; path = Flow.swift; sourceTree = "<group>"; };
		BE815F2D2383247D00000FB9 /* TimeTextTranslatorTests.swift */ = {isa = PBXFileReference; lastKnownFileType = sourcecode.swift; path = TimeTextTranslatorTests.swift; sourceTree = "<group>"; };
/* End PBXFileReference section */

/* Begin PBXFrameworksBuildPhase section */
		BE25DE082379ED5A00324430 /* Frameworks */ = {
			isa = PBXFrameworksBuildPhase;
			buildActionMask = 2147483647;
			files = (
			);
			runOnlyForDeploymentPostprocessing = 0;
		};
		BE25DE112379ED5A00324430 /* Frameworks */ = {
			isa = PBXFrameworksBuildPhase;
			buildActionMask = 2147483647;
			files = (
				BE25DE152379ED5A00324430 /* TimeIsMoneyEngine.framework in Frameworks */,
			);
			runOnlyForDeploymentPostprocessing = 0;
		};
/* End PBXFrameworksBuildPhase section */

/* Begin PBXGroup section */
		BE25DE012379ED5900324430 = {
			isa = PBXGroup;
			children = (
				BE25DE0D2379ED5A00324430 /* TimeIsMoneyEngine */,
				BE25DE182379ED5A00324430 /* TimeIsMoneyEngineTests */,
				BE25DE0C2379ED5A00324430 /* Products */,
			);
			sourceTree = "<group>";
		};
		BE25DE0C2379ED5A00324430 /* Products */ = {
			isa = PBXGroup;
			children = (
				BE25DE0B2379ED5A00324430 /* TimeIsMoneyEngine.framework */,
				BE25DE142379ED5A00324430 /* TimeIsMoneyEngineTests.xctest */,
			);
			name = Products;
			sourceTree = "<group>";
		};
		BE25DE0D2379ED5A00324430 /* TimeIsMoneyEngine */ = {
			isa = PBXGroup;
			children = (
				BE25DE0F2379ED5A00324430 /* Info.plist */,
				BE25DE272379EF2B00324430 /* Flow.swift */,
			);
			path = TimeIsMoneyEngine;
			sourceTree = "<group>";
		};
		BE25DE182379ED5A00324430 /* TimeIsMoneyEngineTests */ = {
			isa = PBXGroup;
			children = (
				BE25DE1B2379ED5A00324430 /* Info.plist */,
				BE25DE252379EDA400324430 /* FlowTests.swift */,
				BE815F2D2383247D00000FB9 /* TimeTextTranslatorTests.swift */,
			);
			path = TimeIsMoneyEngineTests;
			sourceTree = "<group>";
		};
/* End PBXGroup section */

/* Begin PBXHeadersBuildPhase section */
		BE25DE062379ED5A00324430 /* Headers */ = {
			isa = PBXHeadersBuildPhase;
			buildActionMask = 2147483647;
			files = (
			);
			runOnlyForDeploymentPostprocessing = 0;
		};
/* End PBXHeadersBuildPhase section */

/* Begin PBXNativeTarget section */
		BE25DE0A2379ED5A00324430 /* TimeIsMoneyEngine */ = {
			isa = PBXNativeTarget;
			buildConfigurationList = BE25DE1F2379ED5A00324430 /* Build configuration list for PBXNativeTarget "TimeIsMoneyEngine" */;
			buildPhases = (
				BE25DE062379ED5A00324430 /* Headers */,
				BE25DE072379ED5A00324430 /* Sources */,
				BE25DE082379ED5A00324430 /* Frameworks */,
				BE25DE092379ED5A00324430 /* Resources */,
			);
			buildRules = (
			);
			dependencies = (
			);
			name = TimeIsMoneyEngine;
			productName = TimeIsMoneyEngine;
			productReference = BE25DE0B2379ED5A00324430 /* TimeIsMoneyEngine.framework */;
			productType = "com.apple.product-type.framework";
		};
		BE25DE132379ED5A00324430 /* TimeIsMoneyEngineTests */ = {
			isa = PBXNativeTarget;
			buildConfigurationList = BE25DE222379ED5A00324430 /* Build configuration list for PBXNativeTarget "TimeIsMoneyEngineTests" */;
			buildPhases = (
				BE25DE102379ED5A00324430 /* Sources */,
				BE25DE112379ED5A00324430 /* Frameworks */,
				BE25DE122379ED5A00324430 /* Resources */,
			);
			buildRules = (
			);
			dependencies = (
				BE25DE172379ED5A00324430 /* PBXTargetDependency */,
			);
			name = TimeIsMoneyEngineTests;
			productName = TimeIsMoneyEngineTests;
			productReference = BE25DE142379ED5A00324430 /* TimeIsMoneyEngineTests.xctest */;
			productType = "com.apple.product-type.bundle.unit-test";
		};
/* End PBXNativeTarget section */

/* Begin PBXProject section */
		BE25DE022379ED5900324430 /* Project object */ = {
			isa = PBXProject;
			attributes = {
				LastSwiftUpdateCheck = 1110;
				LastUpgradeCheck = 1110;
				ORGANIZATIONNAME = "Victor Melo";
				TargetAttributes = {
					BE25DE0A2379ED5A00324430 = {
						CreatedOnToolsVersion = 11.1;
						LastSwiftMigration = 1110;
					};
					BE25DE132379ED5A00324430 = {
						CreatedOnToolsVersion = 11.1;
						LastSwiftMigration = 1110;
					};
				};
			};
			buildConfigurationList = BE25DE052379ED5900324430 /* Build configuration list for PBXProject "TimeIsMoneyEngine" */;
			compatibilityVersion = "Xcode 9.3";
			developmentRegion = en;
			hasScannedForEncodings = 0;
			knownRegions = (
				en,
				Base,
			);
			mainGroup = BE25DE012379ED5900324430;
			productRefGroup = BE25DE0C2379ED5A00324430 /* Products */;
			projectDirPath = "";
			projectRoot = "";
			targets = (
				BE25DE0A2379ED5A00324430 /* TimeIsMoneyEngine */,
				BE25DE132379ED5A00324430 /* TimeIsMoneyEngineTests */,
			);
		};
/* End PBXProject section */

/* Begin PBXResourcesBuildPhase section */
		BE25DE092379ED5A00324430 /* Resources */ = {
			isa = PBXResourcesBuildPhase;
			buildActionMask = 2147483647;
			files = (
			);
			runOnlyForDeploymentPostprocessing = 0;
		};
		BE25DE122379ED5A00324430 /* Resources */ = {
			isa = PBXResourcesBuildPhase;
			buildActionMask = 2147483647;
			files = (
			);
			runOnlyForDeploymentPostprocessing = 0;
		};
/* End PBXResourcesBuildPhase section */

/* Begin PBXSourcesBuildPhase section */
		BE25DE072379ED5A00324430 /* Sources */ = {
			isa = PBXSourcesBuildPhase;
			buildActionMask = 2147483647;
			files = (
				BE25DE282379EF2B00324430 /* Flow.swift in Sources */,
			);
			runOnlyForDeploymentPostprocessing = 0;
		};
		BE25DE102379ED5A00324430 /* Sources */ = {
			isa = PBXSourcesBuildPhase;
			buildActionMask = 2147483647;
			files = (
				BE25DE262379EDA400324430 /* FlowTests.swift in Sources */,
				BE815F2E2383247D00000FB9 /* TimeTextTranslatorTests.swift in Sources */,
			);
			runOnlyForDeploymentPostprocessing = 0;
		};
/* End PBXSourcesBuildPhase section */

/* Begin PBXTargetDependency section */
		BE25DE172379ED5A00324430 /* PBXTargetDependency */ = {
			isa = PBXTargetDependency;
			target = BE25DE0A2379ED5A00324430 /* TimeIsMoneyEngine */;
			targetProxy = BE25DE162379ED5A00324430 /* PBXContainerItemProxy */;
		};
/* End PBXTargetDependency section */

/* Begin XCBuildConfiguration section */
		BE25DE1D2379ED5A00324430 /* Debug */ = {
			isa = XCBuildConfiguration;
			buildSettings = {
				ALWAYS_SEARCH_USER_PATHS = NO;
				CLANG_ANALYZER_NONNULL = YES;
				CLANG_ANALYZER_NUMBER_OBJECT_CONVERSION = YES_AGGRESSIVE;
				CLANG_CXX_LANGUAGE_STANDARD = "gnu++14";
				CLANG_CXX_LIBRARY = "libc++";
				CLANG_ENABLE_MODULES = YES;
				CLANG_ENABLE_OBJC_ARC = YES;
				CLANG_ENABLE_OBJC_WEAK = YES;
				CLANG_WARN_BLOCK_CAPTURE_AUTORELEASING = YES;
				CLANG_WARN_BOOL_CONVERSION = YES;
				CLANG_WARN_COMMA = YES;
				CLANG_WARN_CONSTANT_CONVERSION = YES;
				CLANG_WARN_DEPRECATED_OBJC_IMPLEMENTATIONS = YES;
				CLANG_WARN_DIRECT_OBJC_ISA_USAGE = YES_ERROR;
				CLANG_WARN_DOCUMENTATION_COMMENTS = YES;
				CLANG_WARN_EMPTY_BODY = YES;
				CLANG_WARN_ENUM_CONVERSION = YES;
				CLANG_WARN_INFINITE_RECURSION = YES;
				CLANG_WARN_INT_CONVERSION = YES;
				CLANG_WARN_NON_LITERAL_NULL_CONVERSION = YES;
				CLANG_WARN_OBJC_IMPLICIT_RETAIN_SELF = YES;
				CLANG_WARN_OBJC_LITERAL_CONVERSION = YES;
				CLANG_WARN_OBJC_ROOT_CLASS = YES_ERROR;
				CLANG_WARN_RANGE_LOOP_ANALYSIS = YES;
				CLANG_WARN_STRICT_PROTOTYPES = YES;
				CLANG_WARN_SUSPICIOUS_MOVE = YES;
				CLANG_WARN_UNGUARDED_AVAILABILITY = YES_AGGRESSIVE;
				CLANG_WARN_UNREACHABLE_CODE = YES;
				CLANG_WARN__DUPLICATE_METHOD_MATCH = YES;
				COPY_PHASE_STRIP = NO;
				CURRENT_PROJECT_VERSION = 1;
				DEBUG_INFORMATION_FORMAT = dwarf;
				ENABLE_STRICT_OBJC_MSGSEND = YES;
				ENABLE_TESTABILITY = YES;
				GCC_C_LANGUAGE_STANDARD = gnu11;
				GCC_DYNAMIC_NO_PIC = NO;
				GCC_NO_COMMON_BLOCKS = YES;
				GCC_OPTIMIZATION_LEVEL = 0;
				GCC_PREPROCESSOR_DEFINITIONS = (
					"DEBUG=1",
					"$(inherited)",
				);
				GCC_WARN_64_TO_32_BIT_CONVERSION = YES;
				GCC_WARN_ABOUT_RETURN_TYPE = YES_ERROR;
				GCC_WARN_UNDECLARED_SELECTOR = YES;
				GCC_WARN_UNINITIALIZED_AUTOS = YES_AGGRESSIVE;
				GCC_WARN_UNUSED_FUNCTION = YES;
				GCC_WARN_UNUSED_VARIABLE = YES;
				MACOSX_DEPLOYMENT_TARGET = 10.15;
				MTL_ENABLE_DEBUG_INFO = INCLUDE_SOURCE;
				MTL_FAST_MATH = YES;
				ONLY_ACTIVE_ARCH = YES;
				SDKROOT = macosx;
				SWIFT_ACTIVE_COMPILATION_CONDITIONS = DEBUG;
				SWIFT_OPTIMIZATION_LEVEL = "-Onone";
				VERSIONING_SYSTEM = "apple-generic";
				VERSION_INFO_PREFIX = "";
			};
			name = Debug;
		};
		BE25DE1E2379ED5A00324430 /* Release */ = {
			isa = XCBuildConfiguration;
			buildSettings = {
				ALWAYS_SEARCH_USER_PATHS = NO;
				CLANG_ANALYZER_NONNULL = YES;
				CLANG_ANALYZER_NUMBER_OBJECT_CONVERSION = YES_AGGRESSIVE;
				CLANG_CXX_LANGUAGE_STANDARD = "gnu++14";
				CLANG_CXX_LIBRARY = "libc++";
				CLANG_ENABLE_MODULES = YES;
				CLANG_ENABLE_OBJC_ARC = YES;
				CLANG_ENABLE_OBJC_WEAK = YES;
				CLANG_WARN_BLOCK_CAPTURE_AUTORELEASING = YES;
				CLANG_WARN_BOOL_CONVERSION = YES;
				CLANG_WARN_COMMA = YES;
				CLANG_WARN_CONSTANT_CONVERSION = YES;
				CLANG_WARN_DEPRECATED_OBJC_IMPLEMENTATIONS = YES;
				CLANG_WARN_DIRECT_OBJC_ISA_USAGE = YES_ERROR;
				CLANG_WARN_DOCUMENTATION_COMMENTS = YES;
				CLANG_WARN_EMPTY_BODY = YES;
				CLANG_WARN_ENUM_CONVERSION = YES;
				CLANG_WARN_INFINITE_RECURSION = YES;
				CLANG_WARN_INT_CONVERSION = YES;
				CLANG_WARN_NON_LITERAL_NULL_CONVERSION = YES;
				CLANG_WARN_OBJC_IMPLICIT_RETAIN_SELF = YES;
				CLANG_WARN_OBJC_LITERAL_CONVERSION = YES;
				CLANG_WARN_OBJC_ROOT_CLASS = YES_ERROR;
				CLANG_WARN_RANGE_LOOP_ANALYSIS = YES;
				CLANG_WARN_STRICT_PROTOTYPES = YES;
				CLANG_WARN_SUSPICIOUS_MOVE = YES;
				CLANG_WARN_UNGUARDED_AVAILABILITY = YES_AGGRESSIVE;
				CLANG_WARN_UNREACHABLE_CODE = YES;
				CLANG_WARN__DUPLICATE_METHOD_MATCH = YES;
				COPY_PHASE_STRIP = NO;
				CURRENT_PROJECT_VERSION = 1;
				DEBUG_INFORMATION_FORMAT = "dwarf-with-dsym";
				ENABLE_NS_ASSERTIONS = NO;
				ENABLE_STRICT_OBJC_MSGSEND = YES;
				GCC_C_LANGUAGE_STANDARD = gnu11;
				GCC_NO_COMMON_BLOCKS = YES;
				GCC_WARN_64_TO_32_BIT_CONVERSION = YES;
				GCC_WARN_ABOUT_RETURN_TYPE = YES_ERROR;
				GCC_WARN_UNDECLARED_SELECTOR = YES;
				GCC_WARN_UNINITIALIZED_AUTOS = YES_AGGRESSIVE;
				GCC_WARN_UNUSED_FUNCTION = YES;
				GCC_WARN_UNUSED_VARIABLE = YES;
				MACOSX_DEPLOYMENT_TARGET = 10.15;
				MTL_ENABLE_DEBUG_INFO = NO;
				MTL_FAST_MATH = YES;
				SDKROOT = macosx;
				SWIFT_COMPILATION_MODE = wholemodule;
				SWIFT_OPTIMIZATION_LEVEL = "-O";
				VERSIONING_SYSTEM = "apple-generic";
				VERSION_INFO_PREFIX = "";
			};
			name = Release;
		};
		BE25DE202379ED5A00324430 /* Debug */ = {
			isa = XCBuildConfiguration;
			buildSettings = {
				CLANG_ENABLE_MODULES = YES;
				CODE_SIGN_STYLE = Automatic;
				COMBINE_HIDPI_IMAGES = YES;
				DEFINES_MODULE = YES;
				DEVELOPMENT_TEAM = Y93HUJS49V;
				DYLIB_COMPATIBILITY_VERSION = 1;
				DYLIB_CURRENT_VERSION = 1;
				DYLIB_INSTALL_NAME_BASE = "@rpath";
				INFOPLIST_FILE = TimeIsMoneyEngine/Info.plist;
				INSTALL_PATH = "$(LOCAL_LIBRARY_DIR)/Frameworks";
				LD_RUNPATH_SEARCH_PATHS = (
					"$(inherited)",
					"@executable_path/../Frameworks",
					"@loader_path/Frameworks",
				);
				PRODUCT_BUNDLE_IDENTIFIER = br.com.victormelo.TimeIsMoneyEngine;
				PRODUCT_NAME = "$(TARGET_NAME:c99extidentifier)";
				SKIP_INSTALL = YES;
				SWIFT_OPTIMIZATION_LEVEL = "-Onone";
				SWIFT_VERSION = 5.0;
			};
			name = Debug;
		};
		BE25DE212379ED5A00324430 /* Release */ = {
			isa = XCBuildConfiguration;
			buildSettings = {
				CLANG_ENABLE_MODULES = YES;
				CODE_SIGN_STYLE = Automatic;
				COMBINE_HIDPI_IMAGES = YES;
				DEFINES_MODULE = YES;
				DEVELOPMENT_TEAM = Y93HUJS49V;
				DYLIB_COMPATIBILITY_VERSION = 1;
				DYLIB_CURRENT_VERSION = 1;
				DYLIB_INSTALL_NAME_BASE = "@rpath";
				INFOPLIST_FILE = TimeIsMoneyEngine/Info.plist;
				INSTALL_PATH = "$(LOCAL_LIBRARY_DIR)/Frameworks";
				LD_RUNPATH_SEARCH_PATHS = (
					"$(inherited)",
					"@executable_path/../Frameworks",
					"@loader_path/Frameworks",
				);
				PRODUCT_BUNDLE_IDENTIFIER = br.com.victormelo.TimeIsMoneyEngine;
				PRODUCT_NAME = "$(TARGET_NAME:c99extidentifier)";
				SKIP_INSTALL = YES;
				SWIFT_VERSION = 5.0;
			};
			name = Release;
		};
		BE25DE232379ED5A00324430 /* Debug */ = {
			isa = XCBuildConfiguration;
			buildSettings = {
				ALWAYS_EMBED_SWIFT_STANDARD_LIBRARIES = YES;
				CLANG_ENABLE_MODULES = YES;
				CODE_SIGN_STYLE = Automatic;
				COMBINE_HIDPI_IMAGES = YES;
				DEVELOPMENT_TEAM = Y93HUJS49V;
				INFOPLIST_FILE = TimeIsMoneyEngineTests/Info.plist;
				LD_RUNPATH_SEARCH_PATHS = (
					"$(inherited)",
					"@executable_path/../Frameworks",
					"@loader_path/../Frameworks",
				);
				PRODUCT_BUNDLE_IDENTIFIER = br.com.victormelo.TimeIsMoneyEngineTests;
				PRODUCT_NAME = "$(TARGET_NAME)";
				SWIFT_OPTIMIZATION_LEVEL = "-Onone";
				SWIFT_VERSION = 5.0;
			};
			name = Debug;
		};
		BE25DE242379ED5A00324430 /* Release */ = {
			isa = XCBuildConfiguration;
			buildSettings = {
				ALWAYS_EMBED_SWIFT_STANDARD_LIBRARIES = YES;
				CLANG_ENABLE_MODULES = YES;
				CODE_SIGN_STYLE = Automatic;
				COMBINE_HIDPI_IMAGES = YES;
				DEVELOPMENT_TEAM = Y93HUJS49V;
				INFOPLIST_FILE = TimeIsMoneyEngineTests/Info.plist;
				LD_RUNPATH_SEARCH_PATHS = (
					"$(inherited)",
					"@executable_path/../Frameworks",
					"@loader_path/../Frameworks",
				);
				PRODUCT_BUNDLE_IDENTIFIER = br.com.victormelo.TimeIsMoneyEngineTests;
				PRODUCT_NAME = "$(TARGET_NAME)";
				SWIFT_VERSION = 5.0;
			};
			name = Release;
		};
/* End XCBuildConfiguration section */

/* Begin XCConfigurationList section */
		BE25DE052379ED5900324430 /* Build configuration list for PBXProject "TimeIsMoneyEngine" */ = {
			isa = XCConfigurationList;
			buildConfigurations = (
				BE25DE1D2379ED5A00324430 /* Debug */,
				BE25DE1E2379ED5A00324430 /* Release */,
			);
			defaultConfigurationIsVisible = 0;
			defaultConfigurationName = Release;
		};
		BE25DE1F2379ED5A00324430 /* Build configuration list for PBXNativeTarget "TimeIsMoneyEngine" */ = {
			isa = XCConfigurationList;
			buildConfigurations = (
				BE25DE202379ED5A00324430 /* Debug */,
				BE25DE212379ED5A00324430 /* Release */,
			);
			defaultConfigurationIsVisible = 0;
			defaultConfigurationName = Release;
		};
		BE25DE222379ED5A00324430 /* Build configuration list for PBXNativeTarget "TimeIsMoneyEngineTests" */ = {
			isa = XCConfigurationList;
			buildConfigurations = (
				BE25DE232379ED5A00324430 /* Debug */,
				BE25DE242379ED5A00324430 /* Release */,
			);
			defaultConfigurationIsVisible = 0;
			defaultConfigurationName = Release;
		};
/* End XCConfigurationList section */
	};
	rootObject = BE25DE022379ED5900324430 /* Project object */;
}
