// !$*UTF8*$!
{
	archiveVersion = 1;
	classes = {
	};
	objectVersion = 50;
	objects = {

/* Begin PBXBuildFile section */
		BE270BD723C039E50099AAC7 /* OnboardingWeekdaysView.swift in Sources */ = {isa = PBXBuildFile; fileRef = BE270BD623C039E50099AAC7 /* OnboardingWeekdaysView.swift */; };
		BE28C4F823D7AB3400CA9D13 /* Localizable.strings in Resources */ = {isa = PBXBuildFile; fileRef = BE28C4FA23D7AB3400CA9D13 /* Localizable.strings */; };
		BE28C50023D7AD9600CA9D13 /* PreviewProvider+Locale.swift in Sources */ = {isa = PBXBuildFile; fileRef = BE28C4FF23D7AD9600CA9D13 /* PreviewProvider+Locale.swift */; };
		BE293A5E23F4719500BB4E98 /* UIColor+Init.swift in Sources */ = {isa = PBXBuildFile; fileRef = BE293A5D23F4719500BB4E98 /* UIColor+Init.swift */; };
		BE293A6023F4895A00BB4E98 /* Font+UIFont.swift in Sources */ = {isa = PBXBuildFile; fileRef = BE293A5F23F4895A00BB4E98 /* Font+UIFont.swift */; };
		BE293A6223F4957400BB4E98 /* DarkModeConfiguration.swift in Sources */ = {isa = PBXBuildFile; fileRef = BE293A6123F4957400BB4E98 /* DarkModeConfiguration.swift */; };
		BE2F8B2623F4B30900D26E27 /* GoogleService-Info.plist in Resources */ = {isa = PBXBuildFile; fileRef = BE2F8B2523F4B30900D26E27 /* GoogleService-Info.plist */; };
		BE37722923E7149F003C8D3F /* UIDevice+Type.swift in Sources */ = {isa = PBXBuildFile; fileRef = BE37722823E7149F003C8D3F /* UIDevice+Type.swift */; };
		BE38A04F23F34434005D51F9 /* GlobalConfiguration.swift in Sources */ = {isa = PBXBuildFile; fileRef = BE38A04E23F34434005D51F9 /* GlobalConfiguration.swift */; };
		BE38A05123F34454005D51F9 /* DefaultConfiguration.swift in Sources */ = {isa = PBXBuildFile; fileRef = BE38A05023F34454005D51F9 /* DefaultConfiguration.swift */; };
		BE38A05323F3445F005D51F9 /* ConfigurationProtocol.swift in Sources */ = {isa = PBXBuildFile; fileRef = BE38A05223F3445F005D51F9 /* ConfigurationProtocol.swift */; };
		BE407965258B838C00865615 /* UserTests.swift in Sources */ = {isa = PBXBuildFile; fileRef = BE407964258B838C00865615 /* UserTests.swift */; };
		BE442C6223EDA31B002306E6 /* Decimal+Conversions.swift in Sources */ = {isa = PBXBuildFile; fileRef = BE442C6123EDA31B002306E6 /* Decimal+Conversions.swift */; };
		BE442C6423EDA32F002306E6 /* Double+Conversions.swift in Sources */ = {isa = PBXBuildFile; fileRef = BE442C6323EDA32F002306E6 /* Double+Conversions.swift */; };
		BE442C6623EDA369002306E6 /* TimeInterval+Conversions.swift in Sources */ = {isa = PBXBuildFile; fileRef = BE442C6523EDA369002306E6 /* TimeInterval+Conversions.swift */; };
		BE442C6723EDA399002306E6 /* NSDecimalNumber+Operators.swift in Sources */ = {isa = PBXBuildFile; fileRef = BE92645023ED9F270072A555 /* NSDecimalNumber+Operators.swift */; };
		BE442C6823EDA399002306E6 /* DateComponentsFormatter+String.swift in Sources */ = {isa = PBXBuildFile; fileRef = BE92645123ED9F270072A555 /* DateComponentsFormatter+String.swift */; };
		BE442C6B23EDA674002306E6 /* Preview Assets.xcassets in Resources */ = {isa = PBXBuildFile; fileRef = BE442C6A23EDA674002306E6 /* Preview Assets.xcassets */; };
		BE442C6D23EDA834002306E6 /* SecondsContainedIn.swift in Sources */ = {isa = PBXBuildFile; fileRef = BE442C6C23EDA834002306E6 /* SecondsContainedIn.swift */; };
		BE442C7023EDA9DC002306E6 /* AppState.swift in Sources */ = {isa = PBXBuildFile; fileRef = BE92645E23ED9F270072A555 /* AppState.swift */; };
		BE442C7123EDA9E0002306E6 /* Weekday.swift in Sources */ = {isa = PBXBuildFile; fileRef = BE92645B23ED9F270072A555 /* Weekday.swift */; };
		BE442C7223EDAA09002306E6 /* AppStateRepository.swift in Sources */ = {isa = PBXBuildFile; fileRef = BE92645D23ED9F270072A555 /* AppStateRepository.swift */; };
		BE442C7323EDAA14002306E6 /* Money.swift in Sources */ = {isa = PBXBuildFile; fileRef = BE92645923ED9F270072A555 /* Money.swift */; };
		BE442C7423EDAA14002306E6 /* User.swift in Sources */ = {isa = PBXBuildFile; fileRef = BE92645A23ED9F270072A555 /* User.swift */; };
		BE442C7523EDAA16002306E6 /* Routine.swift in Sources */ = {isa = PBXBuildFile; fileRef = BE92645C23ED9F270072A555 /* Routine.swift */; };
		BE442C7A23EDAB0F002306E6 /* TimePeriod.swift in Sources */ = {isa = PBXBuildFile; fileRef = BE442C7923EDAB0F002306E6 /* TimePeriod.swift */; };
		BE4B4F0E23EEF8F10090CCD9 /* AvatarView.swift in Sources */ = {isa = PBXBuildFile; fileRef = BE4B4F0D23EEF8F10090CCD9 /* AvatarView.swift */; };
		BE4B4F1323EEFE500090CCD9 /* ScenarioFactory.swift in Sources */ = {isa = PBXBuildFile; fileRef = BE4B4F1223EEFE500090CCD9 /* ScenarioFactory.swift */; };
		BE4B4F1523EF18E30090CCD9 /* AvatarFactory.swift in Sources */ = {isa = PBXBuildFile; fileRef = BE4B4F1423EF18E30090CCD9 /* AvatarFactory.swift */; };
		BE4B4F1723F0ACC40090CCD9 /* Avatar.swift in Sources */ = {isa = PBXBuildFile; fileRef = BE4B4F1623F0ACC40090CCD9 /* Avatar.swift */; };
		BE4B4F1923F0B78C0090CCD9 /* OnboardingAvatarPickerView.swift in Sources */ = {isa = PBXBuildFile; fileRef = BE4B4F1823F0B78C0090CCD9 /* OnboardingAvatarPickerView.swift */; };
		BE4B4F1B23F0C15C0090CCD9 /* AvatarPickerView.swift in Sources */ = {isa = PBXBuildFile; fileRef = BE4B4F1A23F0C15C0090CCD9 /* AvatarPickerView.swift */; };
		BE4B4F1E23F0C5890090CCD9 /* AvatarButtonView.swift in Sources */ = {isa = PBXBuildFile; fileRef = BE4B4F1D23F0C5890090CCD9 /* AvatarButtonView.swift */; };
		BE52E506257412A4003348D9 /* GlobalConstants.swift in Sources */ = {isa = PBXBuildFile; fileRef = BE52E505257412A4003348D9 /* GlobalConstants.swift */; };
		BE57677E23CE838D004BF48C /* EditView.swift in Sources */ = {isa = PBXBuildFile; fileRef = BE57677D23CE838D004BF48C /* EditView.swift */; };
		BE66B18323BD096800166912 /* OnboardingWelcomeView.swift in Sources */ = {isa = PBXBuildFile; fileRef = BE66B18223BD096800166912 /* OnboardingWelcomeView.swift */; };
		BE770FCD258AAD2600766DB3 /* ScenarioFactoryTests.swift in Sources */ = {isa = PBXBuildFile; fileRef = BE770FCC258AAD2600766DB3 /* ScenarioFactoryTests.swift */; };
		BE85876923BFF2A300DEFE98 /* Formatter+Extensions.swift in Sources */ = {isa = PBXBuildFile; fileRef = BE85876823BFF2A300DEFE98 /* Formatter+Extensions.swift */; };
		BE92644423EC4F020072A555 /* CurrencyInputComponentView.swift in Sources */ = {isa = PBXBuildFile; fileRef = BE92644323EC4F020072A555 /* CurrencyInputComponentView.swift */; };
		BE92644623ECD0380072A555 /* MainInteractor.swift in Sources */ = {isa = PBXBuildFile; fileRef = BE92644523ECD0380072A555 /* MainInteractor.swift */; };
		BE92644C23ED95210072A555 /* InteractorsContainer.swift in Sources */ = {isa = PBXBuildFile; fileRef = BE92644B23ED95210072A555 /* InteractorsContainer.swift */; };
		BE92646023ED9F270072A555 /* TimeTextTranslator.swift in Sources */ = {isa = PBXBuildFile; fileRef = BE92645323ED9F270072A555 /* TimeTextTranslator.swift */; };
		BE92646123ED9F270072A555 /* Calculator.swift in Sources */ = {isa = PBXBuildFile; fileRef = BE92644D23ED9F270072A555 /* Calculator.swift */; };
		BE92646B23ED9F4A0072A555 /* XCTestCase+Extensions.swift in Sources */ = {isa = PBXBuildFile; fileRef = BE92646823ED9F4A0072A555 /* XCTestCase+Extensions.swift */; };
		BE92646C23ED9F4A0072A555 /* TimeTextTranslatorTests.swift in Sources */ = {isa = PBXBuildFile; fileRef = BE92646A23ED9F4A0072A555 /* TimeTextTranslatorTests.swift */; };
		BE92646D23ED9F4A0072A555 /* CalculatorTests.swift in Sources */ = {isa = PBXBuildFile; fileRef = BE92646523ED9F4A0072A555 /* CalculatorTests.swift */; };
		BE92646E23ED9F4A0072A555 /* ValueTests.swift in Sources */ = {isa = PBXBuildFile; fileRef = BE92646923ED9F4A0072A555 /* ValueTests.swift */; };
		BEA9AB3423C5308B0057EA1E /* CurrencyField.swift in Sources */ = {isa = PBXBuildFile; fileRef = BEA9AB3323C5308B0057EA1E /* CurrencyField.swift */; };
		BEB0979A23BF984F00244E30 /* PageViewController.swift in Sources */ = {isa = PBXBuildFile; fileRef = BEB0979923BF984F00244E30 /* PageViewController.swift */; };
		BEB0979D23BF990E00244E30 /* PageView.swift in Sources */ = {isa = PBXBuildFile; fileRef = BEB0979C23BF990E00244E30 /* PageView.swift */; };
		BEBACBB123E745EA002ABD20 /* ScaledFont.swift in Sources */ = {isa = PBXBuildFile; fileRef = BEBACBB023E745EA002ABD20 /* ScaledFont.swift */; };
		BEC00AE723BFD6A0001B6724 /* PageControl.swift in Sources */ = {isa = PBXBuildFile; fileRef = BEC00AE623BFD6A0001B6724 /* PageControl.swift */; };
		BEC00AE923BFDC2C001B6724 /* OnboardingWorkTimeView.swift in Sources */ = {isa = PBXBuildFile; fileRef = BEC00AE823BFDC2C001B6724 /* OnboardingWorkTimeView.swift */; };
		BEC00AEB23BFDC3C001B6724 /* OnboardingIncomeView.swift in Sources */ = {isa = PBXBuildFile; fileRef = BEC00AEA23BFDC3C001B6724 /* OnboardingIncomeView.swift */; };
		BEC00AEF23BFE361001B6724 /* BackgroundView.swift in Sources */ = {isa = PBXBuildFile; fileRef = BEC00AEE23BFE361001B6724 /* BackgroundView.swift */; };
		BEC00AF223BFE591001B6724 /* View+Extensions.swift in Sources */ = {isa = PBXBuildFile; fileRef = BEC00AF123BFE591001B6724 /* View+Extensions.swift */; };
		BEC748BB23D23BB50027F26D /* WeekHStack.swift in Sources */ = {isa = PBXBuildFile; fileRef = BEC748BA23D23BB50027F26D /* WeekHStack.swift */; };
		BEC748BD23D23BCF0027F26D /* WeekdayView.swift in Sources */ = {isa = PBXBuildFile; fileRef = BEC748BC23D23BCF0027F26D /* WeekdayView.swift */; };
		EE427002234F4A1E007A63D9 /* AppDelegate.swift in Sources */ = {isa = PBXBuildFile; fileRef = EE427001234F4A1E007A63D9 /* AppDelegate.swift */; };
		EE427004234F4A1E007A63D9 /* SceneDelegate.swift in Sources */ = {isa = PBXBuildFile; fileRef = EE427003234F4A1E007A63D9 /* SceneDelegate.swift */; };
		EE427009234F4A1E007A63D9 /* MainView.swift in Sources */ = {isa = PBXBuildFile; fileRef = EE427008234F4A1E007A63D9 /* MainView.swift */; };
		EE42700B234F4A22007A63D9 /* Assets.xcassets in Resources */ = {isa = PBXBuildFile; fileRef = EE42700A234F4A22007A63D9 /* Assets.xcassets */; };
		EE427011234F4A23007A63D9 /* LaunchScreen.storyboard in Resources */ = {isa = PBXBuildFile; fileRef = EE42700F234F4A23007A63D9 /* LaunchScreen.storyboard */; };
		EE427027234F4A23007A63D9 /* Time_is_MoneyUITests.swift in Sources */ = {isa = PBXBuildFile; fileRef = EE427026234F4A23007A63D9 /* Time_is_MoneyUITests.swift */; };
/* End PBXBuildFile section */

/* Begin PBXContainerItemProxy section */
		EE427018234F4A23007A63D9 /* PBXContainerItemProxy */ = {
			isa = PBXContainerItemProxy;
			containerPortal = EE426FF6234F4A1E007A63D9 /* Project object */;
			proxyType = 1;
			remoteGlobalIDString = EE426FFD234F4A1E007A63D9;
			remoteInfo = "Time is Money";
		};
		EE427023234F4A23007A63D9 /* PBXContainerItemProxy */ = {
			isa = PBXContainerItemProxy;
			containerPortal = EE426FF6234F4A1E007A63D9 /* Project object */;
			proxyType = 1;
			remoteGlobalIDString = EE426FFD234F4A1E007A63D9;
			remoteInfo = "Time is Money";
		};
/* End PBXContainerItemProxy section */

/* Begin PBXCopyFilesBuildPhase section */
		BEC76D9F23F93F0C0059C724 /* Embed App Extensions */ = {
			isa = PBXCopyFilesBuildPhase;
			buildActionMask = 2147483647;
			dstPath = "";
			dstSubfolderSpec = 13;
			files = (
			);
			name = "Embed App Extensions";
			runOnlyForDeploymentPostprocessing = 0;
		};
/* End PBXCopyFilesBuildPhase section */

/* Begin PBXFileReference section */
		BE270BD623C039E50099AAC7 /* OnboardingWeekdaysView.swift */ = {isa = PBXFileReference; lastKnownFileType = sourcecode.swift; path = OnboardingWeekdaysView.swift; sourceTree = "<group>"; };
		BE28C4F523D7AABA00CA9D13 /* pt-BR */ = {isa = PBXFileReference; lastKnownFileType = text.plist.strings; name = "pt-BR"; path = "pt-BR.lproj/LaunchScreen.strings"; sourceTree = "<group>"; };
		BE28C4F923D7AB3400CA9D13 /* pt-BR */ = {isa = PBXFileReference; lastKnownFileType = text.plist.strings; name = "pt-BR"; path = "pt-BR.lproj/Localizable.strings"; sourceTree = "<group>"; };
		BE28C4FC23D7AB5300CA9D13 /* en */ = {isa = PBXFileReference; lastKnownFileType = text.plist.strings; name = en; path = en.lproj/Localizable.strings; sourceTree = "<group>"; };
		BE28C4FF23D7AD9600CA9D13 /* PreviewProvider+Locale.swift */ = {isa = PBXFileReference; lastKnownFileType = sourcecode.swift; path = "PreviewProvider+Locale.swift"; sourceTree = "<group>"; };
		BE293A5D23F4719500BB4E98 /* UIColor+Init.swift */ = {isa = PBXFileReference; lastKnownFileType = sourcecode.swift; path = "UIColor+Init.swift"; sourceTree = "<group>"; };
		BE293A5F23F4895A00BB4E98 /* Font+UIFont.swift */ = {isa = PBXFileReference; lastKnownFileType = sourcecode.swift; path = "Font+UIFont.swift"; sourceTree = "<group>"; };
		BE293A6123F4957400BB4E98 /* DarkModeConfiguration.swift */ = {isa = PBXFileReference; lastKnownFileType = sourcecode.swift; path = DarkModeConfiguration.swift; sourceTree = "<group>"; };
		BE2F8B2523F4B30900D26E27 /* GoogleService-Info.plist */ = {isa = PBXFileReference; fileEncoding = 4; lastKnownFileType = text.plist.xml; path = "GoogleService-Info.plist"; sourceTree = "<group>"; };
		BE37722823E7149F003C8D3F /* UIDevice+Type.swift */ = {isa = PBXFileReference; lastKnownFileType = sourcecode.swift; path = "UIDevice+Type.swift"; sourceTree = "<group>"; };
		BE38A04E23F34434005D51F9 /* GlobalConfiguration.swift */ = {isa = PBXFileReference; lastKnownFileType = sourcecode.swift; path = GlobalConfiguration.swift; sourceTree = "<group>"; };
		BE38A05023F34454005D51F9 /* DefaultConfiguration.swift */ = {isa = PBXFileReference; lastKnownFileType = sourcecode.swift; path = DefaultConfiguration.swift; sourceTree = "<group>"; };
		BE38A05223F3445F005D51F9 /* ConfigurationProtocol.swift */ = {isa = PBXFileReference; lastKnownFileType = sourcecode.swift; path = ConfigurationProtocol.swift; sourceTree = "<group>"; };
		BE407964258B838C00865615 /* UserTests.swift */ = {isa = PBXFileReference; lastKnownFileType = sourcecode.swift; path = UserTests.swift; sourceTree = "<group>"; };
		BE442C6123EDA31B002306E6 /* Decimal+Conversions.swift */ = {isa = PBXFileReference; lastKnownFileType = sourcecode.swift; path = "Decimal+Conversions.swift"; sourceTree = "<group>"; };
		BE442C6323EDA32F002306E6 /* Double+Conversions.swift */ = {isa = PBXFileReference; lastKnownFileType = sourcecode.swift; path = "Double+Conversions.swift"; sourceTree = "<group>"; wrapsLines = 0; };
		BE442C6523EDA369002306E6 /* TimeInterval+Conversions.swift */ = {isa = PBXFileReference; lastKnownFileType = sourcecode.swift; path = "TimeInterval+Conversions.swift"; sourceTree = "<group>"; };
		BE442C6A23EDA674002306E6 /* Preview Assets.xcassets */ = {isa = PBXFileReference; lastKnownFileType = folder.assetcatalog; path = "Preview Assets.xcassets"; sourceTree = "<group>"; };
		BE442C6C23EDA834002306E6 /* SecondsContainedIn.swift */ = {isa = PBXFileReference; fileEncoding = 4; lastKnownFileType = sourcecode.swift; path = SecondsContainedIn.swift; sourceTree = "<group>"; };
		BE442C6E23EDA864002306E6 /* Info.plist */ = {isa = PBXFileReference; fileEncoding = 4; lastKnownFileType = text.plist.xml; path = Info.plist; sourceTree = "<group>"; };
		BE442C7923EDAB0F002306E6 /* TimePeriod.swift */ = {isa = PBXFileReference; lastKnownFileType = sourcecode.swift; path = TimePeriod.swift; sourceTree = "<group>"; };
		BE4B4F0D23EEF8F10090CCD9 /* AvatarView.swift */ = {isa = PBXFileReference; lastKnownFileType = sourcecode.swift; path = AvatarView.swift; sourceTree = "<group>"; };
		BE4B4F1223EEFE500090CCD9 /* ScenarioFactory.swift */ = {isa = PBXFileReference; lastKnownFileType = sourcecode.swift; path = ScenarioFactory.swift; sourceTree = "<group>"; };
		BE4B4F1423EF18E30090CCD9 /* AvatarFactory.swift */ = {isa = PBXFileReference; lastKnownFileType = sourcecode.swift; path = AvatarFactory.swift; sourceTree = "<group>"; };
		BE4B4F1623F0ACC40090CCD9 /* Avatar.swift */ = {isa = PBXFileReference; lastKnownFileType = sourcecode.swift; path = Avatar.swift; sourceTree = "<group>"; };
		BE4B4F1823F0B78C0090CCD9 /* OnboardingAvatarPickerView.swift */ = {isa = PBXFileReference; lastKnownFileType = sourcecode.swift; path = OnboardingAvatarPickerView.swift; sourceTree = "<group>"; };
		BE4B4F1A23F0C15C0090CCD9 /* AvatarPickerView.swift */ = {isa = PBXFileReference; lastKnownFileType = sourcecode.swift; path = AvatarPickerView.swift; sourceTree = "<group>"; };
		BE4B4F1D23F0C5890090CCD9 /* AvatarButtonView.swift */ = {isa = PBXFileReference; lastKnownFileType = sourcecode.swift; path = AvatarButtonView.swift; sourceTree = "<group>"; };
		BE52E505257412A4003348D9 /* GlobalConstants.swift */ = {isa = PBXFileReference; lastKnownFileType = sourcecode.swift; path = GlobalConstants.swift; sourceTree = "<group>"; };
		BE57677D23CE838D004BF48C /* EditView.swift */ = {isa = PBXFileReference; lastKnownFileType = sourcecode.swift; path = EditView.swift; sourceTree = "<group>"; };
		BE66B18223BD096800166912 /* OnboardingWelcomeView.swift */ = {isa = PBXFileReference; lastKnownFileType = sourcecode.swift; path = OnboardingWelcomeView.swift; sourceTree = "<group>"; };
		BE770FCC258AAD2600766DB3 /* ScenarioFactoryTests.swift */ = {isa = PBXFileReference; lastKnownFileType = sourcecode.swift; path = ScenarioFactoryTests.swift; sourceTree = "<group>"; };
		BE815FC62383497200000FB9 /* TimeIsMoneyCore.framework */ = {isa = PBXFileReference; explicitFileType = wrapper.framework; path = TimeIsMoneyCore.framework; sourceTree = BUILT_PRODUCTS_DIR; };
		BE85876823BFF2A300DEFE98 /* Formatter+Extensions.swift */ = {isa = PBXFileReference; lastKnownFileType = sourcecode.swift; path = "Formatter+Extensions.swift"; sourceTree = "<group>"; };
		BE92644323EC4F020072A555 /* CurrencyInputComponentView.swift */ = {isa = PBXFileReference; lastKnownFileType = sourcecode.swift; path = CurrencyInputComponentView.swift; sourceTree = "<group>"; };
		BE92644523ECD0380072A555 /* MainInteractor.swift */ = {isa = PBXFileReference; lastKnownFileType = sourcecode.swift; path = MainInteractor.swift; sourceTree = "<group>"; };
		BE92644B23ED95210072A555 /* InteractorsContainer.swift */ = {isa = PBXFileReference; lastKnownFileType = sourcecode.swift; path = InteractorsContainer.swift; sourceTree = "<group>"; };
		BE92644D23ED9F270072A555 /* Calculator.swift */ = {isa = PBXFileReference; lastKnownFileType = sourcecode.swift; path = Calculator.swift; sourceTree = "<group>"; };
		BE92645023ED9F270072A555 /* NSDecimalNumber+Operators.swift */ = {isa = PBXFileReference; lastKnownFileType = sourcecode.swift; path = "NSDecimalNumber+Operators.swift"; sourceTree = "<group>"; };
		BE92645123ED9F270072A555 /* DateComponentsFormatter+String.swift */ = {isa = PBXFileReference; lastKnownFileType = sourcecode.swift; path = "DateComponentsFormatter+String.swift"; sourceTree = "<group>"; };
		BE92645323ED9F270072A555 /* TimeTextTranslator.swift */ = {isa = PBXFileReference; lastKnownFileType = sourcecode.swift; path = TimeTextTranslator.swift; sourceTree = "<group>"; };
		BE92645923ED9F270072A555 /* Money.swift */ = {isa = PBXFileReference; lastKnownFileType = sourcecode.swift; path = Money.swift; sourceTree = "<group>"; };
		BE92645A23ED9F270072A555 /* User.swift */ = {isa = PBXFileReference; lastKnownFileType = sourcecode.swift; path = User.swift; sourceTree = "<group>"; };
		BE92645B23ED9F270072A555 /* Weekday.swift */ = {isa = PBXFileReference; lastKnownFileType = sourcecode.swift; path = Weekday.swift; sourceTree = "<group>"; };
		BE92645C23ED9F270072A555 /* Routine.swift */ = {isa = PBXFileReference; lastKnownFileType = sourcecode.swift; path = Routine.swift; sourceTree = "<group>"; };
		BE92645D23ED9F270072A555 /* AppStateRepository.swift */ = {isa = PBXFileReference; lastKnownFileType = sourcecode.swift; path = AppStateRepository.swift; sourceTree = "<group>"; };
		BE92645E23ED9F270072A555 /* AppState.swift */ = {isa = PBXFileReference; lastKnownFileType = sourcecode.swift; path = AppState.swift; sourceTree = "<group>"; };
		BE92646523ED9F4A0072A555 /* CalculatorTests.swift */ = {isa = PBXFileReference; lastKnownFileType = sourcecode.swift; path = CalculatorTests.swift; sourceTree = "<group>"; };
		BE92646823ED9F4A0072A555 /* XCTestCase+Extensions.swift */ = {isa = PBXFileReference; lastKnownFileType = sourcecode.swift; path = "XCTestCase+Extensions.swift"; sourceTree = "<group>"; };
		BE92646923ED9F4A0072A555 /* ValueTests.swift */ = {isa = PBXFileReference; lastKnownFileType = sourcecode.swift; path = ValueTests.swift; sourceTree = "<group>"; };
		BE92646A23ED9F4A0072A555 /* TimeTextTranslatorTests.swift */ = {isa = PBXFileReference; fileEncoding = 4; lastKnownFileType = sourcecode.swift; path = TimeTextTranslatorTests.swift; sourceTree = "<group>"; };
		BEA9AB3323C5308B0057EA1E /* CurrencyField.swift */ = {isa = PBXFileReference; lastKnownFileType = sourcecode.swift; path = CurrencyField.swift; sourceTree = "<group>"; };
		BEB0979923BF984F00244E30 /* PageViewController.swift */ = {isa = PBXFileReference; lastKnownFileType = sourcecode.swift; path = PageViewController.swift; sourceTree = "<group>"; };
		BEB0979C23BF990E00244E30 /* PageView.swift */ = {isa = PBXFileReference; lastKnownFileType = sourcecode.swift; path = PageView.swift; sourceTree = "<group>"; };
		BEBACBB023E745EA002ABD20 /* ScaledFont.swift */ = {isa = PBXFileReference; lastKnownFileType = sourcecode.swift; path = ScaledFont.swift; sourceTree = "<group>"; };
		BEC00AE623BFD6A0001B6724 /* PageControl.swift */ = {isa = PBXFileReference; lastKnownFileType = sourcecode.swift; path = PageControl.swift; sourceTree = "<group>"; };
		BEC00AE823BFDC2C001B6724 /* OnboardingWorkTimeView.swift */ = {isa = PBXFileReference; lastKnownFileType = sourcecode.swift; path = OnboardingWorkTimeView.swift; sourceTree = "<group>"; };
		BEC00AEA23BFDC3C001B6724 /* OnboardingIncomeView.swift */ = {isa = PBXFileReference; lastKnownFileType = sourcecode.swift; path = OnboardingIncomeView.swift; sourceTree = "<group>"; };
		BEC00AEE23BFE361001B6724 /* BackgroundView.swift */ = {isa = PBXFileReference; lastKnownFileType = sourcecode.swift; path = BackgroundView.swift; sourceTree = "<group>"; };
		BEC00AF123BFE591001B6724 /* View+Extensions.swift */ = {isa = PBXFileReference; lastKnownFileType = sourcecode.swift; path = "View+Extensions.swift"; sourceTree = "<group>"; };
		BEC748BA23D23BB50027F26D /* WeekHStack.swift */ = {isa = PBXFileReference; lastKnownFileType = sourcecode.swift; path = WeekHStack.swift; sourceTree = "<group>"; };
		BEC748BC23D23BCF0027F26D /* WeekdayView.swift */ = {isa = PBXFileReference; lastKnownFileType = sourcecode.swift; path = WeekdayView.swift; sourceTree = "<group>"; };
		BEC76D9323F93F0C0059C724 /* NotificationCenter.framework */ = {isa = PBXFileReference; lastKnownFileType = wrapper.framework; name = NotificationCenter.framework; path = System/Library/Frameworks/NotificationCenter.framework; sourceTree = SDKROOT; };
		EE426FFE234F4A1E007A63D9 /* Time is Money.app */ = {isa = PBXFileReference; explicitFileType = wrapper.application; includeInIndex = 0; path = "Time is Money.app"; sourceTree = BUILT_PRODUCTS_DIR; };
		EE427001234F4A1E007A63D9 /* AppDelegate.swift */ = {isa = PBXFileReference; lastKnownFileType = sourcecode.swift; path = AppDelegate.swift; sourceTree = "<group>"; };
		EE427003234F4A1E007A63D9 /* SceneDelegate.swift */ = {isa = PBXFileReference; lastKnownFileType = sourcecode.swift; path = SceneDelegate.swift; sourceTree = "<group>"; };
		EE427008234F4A1E007A63D9 /* MainView.swift */ = {isa = PBXFileReference; lastKnownFileType = sourcecode.swift; path = MainView.swift; sourceTree = "<group>"; };
		EE42700A234F4A22007A63D9 /* Assets.xcassets */ = {isa = PBXFileReference; lastKnownFileType = folder.assetcatalog; path = Assets.xcassets; sourceTree = "<group>"; };
		EE427010234F4A23007A63D9 /* Base */ = {isa = PBXFileReference; lastKnownFileType = file.storyboard; name = Base; path = Base.lproj/LaunchScreen.storyboard; sourceTree = "<group>"; };
		EE427017234F4A23007A63D9 /* Time is MoneyTests.xctest */ = {isa = PBXFileReference; explicitFileType = wrapper.cfbundle; includeInIndex = 0; path = "Time is MoneyTests.xctest"; sourceTree = BUILT_PRODUCTS_DIR; };
		EE42701D234F4A23007A63D9 /* Info.plist */ = {isa = PBXFileReference; lastKnownFileType = text.plist.xml; path = Info.plist; sourceTree = "<group>"; };
		EE427022234F4A23007A63D9 /* Time is MoneyUITests.xctest */ = {isa = PBXFileReference; explicitFileType = wrapper.cfbundle; includeInIndex = 0; path = "Time is MoneyUITests.xctest"; sourceTree = BUILT_PRODUCTS_DIR; };
		EE427026234F4A23007A63D9 /* Time_is_MoneyUITests.swift */ = {isa = PBXFileReference; lastKnownFileType = sourcecode.swift; path = Time_is_MoneyUITests.swift; sourceTree = "<group>"; };
		EE427028234F4A23007A63D9 /* Info.plist */ = {isa = PBXFileReference; lastKnownFileType = text.plist.xml; path = Info.plist; sourceTree = "<group>"; };
/* End PBXFileReference section */

/* Begin PBXFrameworksBuildPhase section */
		EE426FFB234F4A1E007A63D9 /* Frameworks */ = {
			isa = PBXFrameworksBuildPhase;
			buildActionMask = 2147483647;
			files = (
			);
			runOnlyForDeploymentPostprocessing = 0;
		};
		EE427014234F4A23007A63D9 /* Frameworks */ = {
			isa = PBXFrameworksBuildPhase;
			buildActionMask = 2147483647;
			files = (
			);
			runOnlyForDeploymentPostprocessing = 0;
		};
		EE42701F234F4A23007A63D9 /* Frameworks */ = {
			isa = PBXFrameworksBuildPhase;
			buildActionMask = 2147483647;
			files = (
			);
			runOnlyForDeploymentPostprocessing = 0;
		};
/* End PBXFrameworksBuildPhase section */

/* Begin PBXGroup section */
		BE293A6323F4958400BB4E98 /* Configurations */ = {
			isa = PBXGroup;
			children = (
				BE38A05023F34454005D51F9 /* DefaultConfiguration.swift */,
				BE293A6123F4957400BB4E98 /* DarkModeConfiguration.swift */,
			);
			path = Configurations;
			sourceTree = "<group>";
		};
		BE2F8B2723F4B31700D26E27 /* Time is Money */ = {
			isa = PBXGroup;
			children = (
				BE52E4E32574021F003348D9 /* Model */,
				BE442C5923ED9FF5002306E6 /* View */,
				BE442C5623ED9FE1002306E6 /* System Delegates */,
				BE442C5823ED9FEE002306E6 /* Supporting Files */,
			);
			path = "Time is Money";
			sourceTree = "<group>";
		};
		BE38A04D23F34426005D51F9 /* Design System */ = {
			isa = PBXGroup;
			children = (
				BE293A6323F4958400BB4E98 /* Configurations */,
				BE38A04E23F34434005D51F9 /* GlobalConfiguration.swift */,
				BE38A05223F3445F005D51F9 /* ConfigurationProtocol.swift */,
			);
			path = "Design System";
			sourceTree = "<group>";
		};
		BE407963258B837D00865615 /* Model */ = {
			isa = PBXGroup;
			children = (
				BE407964258B838C00865615 /* UserTests.swift */,
			);
			path = Model;
			sourceTree = "<group>";
		};
		BE442C5623ED9FE1002306E6 /* System Delegates */ = {
			isa = PBXGroup;
			children = (
				EE427003234F4A1E007A63D9 /* SceneDelegate.swift */,
				EE427001234F4A1E007A63D9 /* AppDelegate.swift */,
			);
			path = "System Delegates";
			sourceTree = "<group>";
		};
		BE442C5823ED9FEE002306E6 /* Supporting Files */ = {
			isa = PBXGroup;
			children = (
				BE442C6923EDA674002306E6 /* Preview Content */,
				EE42700A234F4A22007A63D9 /* Assets.xcassets */,
				EE42700F234F4A23007A63D9 /* LaunchScreen.storyboard */,
				BE28C4FA23D7AB3400CA9D13 /* Localizable.strings */,
				BE442C6E23EDA864002306E6 /* Info.plist */,
			);
			path = "Supporting Files";
			sourceTree = "<group>";
		};
		BE442C5923ED9FF5002306E6 /* View */ = {
			isa = PBXGroup;
			children = (
				BE52E50B257412C0003348D9 /* Utilities */,
				BE38A04D23F34426005D51F9 /* Design System */,
				BE442C5E23EDA080002306E6 /* Components */,
				BE442C5F23EDA084002306E6 /* Screens */,
				BEBACBAF23E745E0002ABD20 /* ViewModifiers */,
			);
			path = View;
			sourceTree = "<group>";
		};
		BE442C5B23ED9FF9002306E6 /* State+Interactors */ = {
			isa = PBXGroup;
			children = (
				BE92645E23ED9F270072A555 /* AppState.swift */,
				BE92645D23ED9F270072A555 /* AppStateRepository.swift */,
				BE92644B23ED95210072A555 /* InteractorsContainer.swift */,
				BE92644523ECD0380072A555 /* MainInteractor.swift */,
			);
			path = "State+Interactors";
			sourceTree = "<group>";
		};
		BE442C5E23EDA080002306E6 /* Components */ = {
			isa = PBXGroup;
			children = (
				BE4B4F1C23F0C5780090CCD9 /* AvatarButtonView */,
				BE4B4F0F23EEFB240090CCD9 /* Images */,
				BE4B4F1A23F0C15C0090CCD9 /* AvatarPickerView.swift */,
				BEC00AEE23BFE361001B6724 /* BackgroundView.swift */,
				BEC748BA23D23BB50027F26D /* WeekHStack.swift */,
				BEC748BC23D23BCF0027F26D /* WeekdayView.swift */,
				BEA9AB3323C5308B0057EA1E /* CurrencyField.swift */,
				BE92644323EC4F020072A555 /* CurrencyInputComponentView.swift */,
				BEC00AE623BFD6A0001B6724 /* PageControl.swift */,
				BEB0979923BF984F00244E30 /* PageViewController.swift */,
				BEB0979C23BF990E00244E30 /* PageView.swift */,
			);
			path = Components;
			sourceTree = "<group>";
		};
		BE442C5F23EDA084002306E6 /* Screens */ = {
			isa = PBXGroup;
			children = (
				BE442C6023EDA10E002306E6 /* Onboarding Screens */,
				EE427008234F4A1E007A63D9 /* MainView.swift */,
				BE57677D23CE838D004BF48C /* EditView.swift */,
			);
			path = Screens;
			sourceTree = "<group>";
		};
		BE442C6023EDA10E002306E6 /* Onboarding Screens */ = {
			isa = PBXGroup;
			children = (
				BE4B4F1823F0B78C0090CCD9 /* OnboardingAvatarPickerView.swift */,
				BE270BD623C039E50099AAC7 /* OnboardingWeekdaysView.swift */,
				BEC00AEA23BFDC3C001B6724 /* OnboardingIncomeView.swift */,
				BE66B18223BD096800166912 /* OnboardingWelcomeView.swift */,
				BEC00AE823BFDC2C001B6724 /* OnboardingWorkTimeView.swift */,
			);
			path = "Onboarding Screens";
			sourceTree = "<group>";
		};
		BE442C6923EDA674002306E6 /* Preview Content */ = {
			isa = PBXGroup;
			children = (
				BE442C6A23EDA674002306E6 /* Preview Assets.xcassets */,
			);
			path = "Preview Content";
			sourceTree = "<group>";
		};
		BE4B4F0F23EEFB240090CCD9 /* Images */ = {
			isa = PBXGroup;
			children = (
				BE4B4F0D23EEF8F10090CCD9 /* AvatarView.swift */,
			);
			path = Images;
			sourceTree = "<group>";
		};
		BE4B4F1C23F0C5780090CCD9 /* AvatarButtonView */ = {
			isa = PBXGroup;
			children = (
				BE4B4F1D23F0C5890090CCD9 /* AvatarButtonView.swift */,
			);
			path = AvatarButtonView;
			sourceTree = "<group>";
		};
		BE52E4E32574021F003348D9 /* Model */ = {
			isa = PBXGroup;
			children = (
				BEC00AF023BFE57D001B6724 /* Extensions */,
				BE442C5B23ED9FF9002306E6 /* State+Interactors */,
				BE4B4F1623F0ACC40090CCD9 /* Avatar.swift */,
				BE92644D23ED9F270072A555 /* Calculator.swift */,
				BE52E505257412A4003348D9 /* GlobalConstants.swift */,
				BE92645923ED9F270072A555 /* Money.swift */,
				BE92645C23ED9F270072A555 /* Routine.swift */,
				BE442C6C23EDA834002306E6 /* SecondsContainedIn.swift */,
				BE442C7923EDAB0F002306E6 /* TimePeriod.swift */,
				BE92645323ED9F270072A555 /* TimeTextTranslator.swift */,
				BE92645A23ED9F270072A555 /* User.swift */,
				BE92645B23ED9F270072A555 /* Weekday.swift */,
			);
			path = Model;
			sourceTree = "<group>";
		};
		BE52E50B257412C0003348D9 /* Utilities */ = {
			isa = PBXGroup;
			children = (
				BE4B4F1223EEFE500090CCD9 /* ScenarioFactory.swift */,
				BE4B4F1423EF18E30090CCD9 /* AvatarFactory.swift */,
			);
			path = Utilities;
			sourceTree = "<group>";
		};
		BE770FCA258AAD1200766DB3 /* View */ = {
			isa = PBXGroup;
			children = (
				BE770FCB258AAD1400766DB3 /* Utilities */,
			);
			path = View;
			sourceTree = "<group>";
		};
		BE770FCB258AAD1400766DB3 /* Utilities */ = {
			isa = PBXGroup;
			children = (
				BE770FCC258AAD2600766DB3 /* ScenarioFactoryTests.swift */,
			);
			path = Utilities;
			sourceTree = "<group>";
		};
		BE815FC52383497200000FB9 /* Frameworks */ = {
			isa = PBXGroup;
			children = (
				BE815FC62383497200000FB9 /* TimeIsMoneyCore.framework */,
				BEC76D9323F93F0C0059C724 /* NotificationCenter.framework */,
			);
			name = Frameworks;
			sourceTree = "<group>";
		};
		BEBACBAF23E745E0002ABD20 /* ViewModifiers */ = {
			isa = PBXGroup;
			children = (
				BEBACBB023E745EA002ABD20 /* ScaledFont.swift */,
			);
			path = ViewModifiers;
			sourceTree = "<group>";
		};
		BEC00AF023BFE57D001B6724 /* Extensions */ = {
			isa = PBXGroup;
			children = (
				BE92645123ED9F270072A555 /* DateComponentsFormatter+String.swift */,
				BE442C6123EDA31B002306E6 /* Decimal+Conversions.swift */,
				BE442C6323EDA32F002306E6 /* Double+Conversions.swift */,
				BE293A5F23F4895A00BB4E98 /* Font+UIFont.swift */,
				BE85876823BFF2A300DEFE98 /* Formatter+Extensions.swift */,
				BE92645023ED9F270072A555 /* NSDecimalNumber+Operators.swift */,
				BE28C4FF23D7AD9600CA9D13 /* PreviewProvider+Locale.swift */,
				BE442C6523EDA369002306E6 /* TimeInterval+Conversions.swift */,
				BE293A5D23F4719500BB4E98 /* UIColor+Init.swift */,
				BE37722823E7149F003C8D3F /* UIDevice+Type.swift */,
				BEC00AF123BFE591001B6724 /* View+Extensions.swift */,
			);
			path = Extensions;
			sourceTree = "<group>";
		};
		EE426FF5234F4A1E007A63D9 = {
			isa = PBXGroup;
			children = (
				BE2F8B2723F4B31700D26E27 /* Time is Money */,
				BE2F8B2523F4B30900D26E27 /* GoogleService-Info.plist */,
				EE42701A234F4A23007A63D9 /* Time is MoneyTests */,
				EE427025234F4A23007A63D9 /* Time is MoneyUITests */,
				EE426FFF234F4A1E007A63D9 /* Products */,
				BE815FC52383497200000FB9 /* Frameworks */,
			);
			sourceTree = "<group>";
		};
		EE426FFF234F4A1E007A63D9 /* Products */ = {
			isa = PBXGroup;
			children = (
				EE426FFE234F4A1E007A63D9 /* Time is Money.app */,
				EE427017234F4A23007A63D9 /* Time is MoneyTests.xctest */,
				EE427022234F4A23007A63D9 /* Time is MoneyUITests.xctest */,
			);
			name = Products;
			sourceTree = "<group>";
		};
		EE42701A234F4A23007A63D9 /* Time is MoneyTests */ = {
			isa = PBXGroup;
			children = (
				BE407963258B837D00865615 /* Model */,
				BE770FCA258AAD1200766DB3 /* View */,
				EE42701D234F4A23007A63D9 /* Info.plist */,
				BE92646A23ED9F4A0072A555 /* TimeTextTranslatorTests.swift */,
				BE92646923ED9F4A0072A555 /* ValueTests.swift */,
				BE92646523ED9F4A0072A555 /* CalculatorTests.swift */,
				BE92646823ED9F4A0072A555 /* XCTestCase+Extensions.swift */,
			);
			path = "Time is MoneyTests";
			sourceTree = "<group>";
		};
		EE427025234F4A23007A63D9 /* Time is MoneyUITests */ = {
			isa = PBXGroup;
			children = (
				EE427026234F4A23007A63D9 /* Time_is_MoneyUITests.swift */,
				EE427028234F4A23007A63D9 /* Info.plist */,
			);
			path = "Time is MoneyUITests";
			sourceTree = "<group>";
		};
/* End PBXGroup section */

/* Begin PBXNativeTarget section */
		EE426FFD234F4A1E007A63D9 /* Time is Money */ = {
			isa = PBXNativeTarget;
			buildConfigurationList = EE42702B234F4A23007A63D9 /* Build configuration list for PBXNativeTarget "Time is Money" */;
			buildPhases = (
				EE426FFA234F4A1E007A63D9 /* Sources */,
				EE426FFB234F4A1E007A63D9 /* Frameworks */,
				EE426FFC234F4A1E007A63D9 /* Resources */,
				BEC76D9F23F93F0C0059C724 /* Embed App Extensions */,
			);
			buildRules = (
			);
			dependencies = (
			);
			name = "Time is Money";
			productName = "Time is Money";
			productReference = EE426FFE234F4A1E007A63D9 /* Time is Money.app */;
			productType = "com.apple.product-type.application";
		};
		EE427016234F4A23007A63D9 /* Time is MoneyTests */ = {
			isa = PBXNativeTarget;
			buildConfigurationList = EE42702E234F4A23007A63D9 /* Build configuration list for PBXNativeTarget "Time is MoneyTests" */;
			buildPhases = (
				EE427013234F4A23007A63D9 /* Sources */,
				EE427014234F4A23007A63D9 /* Frameworks */,
				EE427015234F4A23007A63D9 /* Resources */,
			);
			buildRules = (
			);
			dependencies = (
				EE427019234F4A23007A63D9 /* PBXTargetDependency */,
			);
			name = "Time is MoneyTests";
			productName = "Time is MoneyTests";
			productReference = EE427017234F4A23007A63D9 /* Time is MoneyTests.xctest */;
			productType = "com.apple.product-type.bundle.unit-test";
		};
		EE427021234F4A23007A63D9 /* Time is MoneyUITests */ = {
			isa = PBXNativeTarget;
			buildConfigurationList = EE427031234F4A23007A63D9 /* Build configuration list for PBXNativeTarget "Time is MoneyUITests" */;
			buildPhases = (
				EE42701E234F4A23007A63D9 /* Sources */,
				EE42701F234F4A23007A63D9 /* Frameworks */,
				EE427020234F4A23007A63D9 /* Resources */,
			);
			buildRules = (
			);
			dependencies = (
				EE427024234F4A23007A63D9 /* PBXTargetDependency */,
			);
			name = "Time is MoneyUITests";
			productName = "Time is MoneyUITests";
			productReference = EE427022234F4A23007A63D9 /* Time is MoneyUITests.xctest */;
			productType = "com.apple.product-type.bundle.ui-testing";
		};
/* End PBXNativeTarget section */

/* Begin PBXProject section */
		EE426FF6234F4A1E007A63D9 /* Project object */ = {
			isa = PBXProject;
			attributes = {
				DefaultBuildSystemTypeForWorkspace = Original;
				LastSwiftUpdateCheck = 1130;
				LastUpgradeCheck = 1220;
				ORGANIZATIONNAME = "Victor S Melo";
				TargetAttributes = {
					EE426FFD234F4A1E007A63D9 = {
						CreatedOnToolsVersion = 11.1;
					};
					EE427016234F4A23007A63D9 = {
						CreatedOnToolsVersion = 11.1;
						LastSwiftMigration = 1130;
						TestTargetID = EE426FFD234F4A1E007A63D9;
					};
					EE427021234F4A23007A63D9 = {
						CreatedOnToolsVersion = 11.1;
						TestTargetID = EE426FFD234F4A1E007A63D9;
					};
				};
			};
			buildConfigurationList = EE426FF9234F4A1E007A63D9 /* Build configuration list for PBXProject "Time is Money" */;
			compatibilityVersion = "Xcode 9.3";
			developmentRegion = en;
			hasScannedForEncodings = 0;
			knownRegions = (
				en,
				Base,
				"pt-BR",
			);
			mainGroup = EE426FF5234F4A1E007A63D9;
			productRefGroup = EE426FFF234F4A1E007A63D9 /* Products */;
			projectDirPath = "";
			projectRoot = "";
			targets = (
				EE426FFD234F4A1E007A63D9 /* Time is Money */,
				EE427016234F4A23007A63D9 /* Time is MoneyTests */,
				EE427021234F4A23007A63D9 /* Time is MoneyUITests */,
			);
		};
/* End PBXProject section */

/* Begin PBXResourcesBuildPhase section */
		EE426FFC234F4A1E007A63D9 /* Resources */ = {
			isa = PBXResourcesBuildPhase;
			buildActionMask = 2147483647;
			files = (
				EE427011234F4A23007A63D9 /* LaunchScreen.storyboard in Resources */,
				BE28C4F823D7AB3400CA9D13 /* Localizable.strings in Resources */,
				BE2F8B2623F4B30900D26E27 /* GoogleService-Info.plist in Resources */,
				BE442C6B23EDA674002306E6 /* Preview Assets.xcassets in Resources */,
				EE42700B234F4A22007A63D9 /* Assets.xcassets in Resources */,
			);
			runOnlyForDeploymentPostprocessing = 0;
		};
		EE427015234F4A23007A63D9 /* Resources */ = {
			isa = PBXResourcesBuildPhase;
			buildActionMask = 2147483647;
			files = (
			);
			runOnlyForDeploymentPostprocessing = 0;
		};
		EE427020234F4A23007A63D9 /* Resources */ = {
			isa = PBXResourcesBuildPhase;
			buildActionMask = 2147483647;
			files = (
			);
			runOnlyForDeploymentPostprocessing = 0;
		};
/* End PBXResourcesBuildPhase section */

/* Begin PBXSourcesBuildPhase section */
		EE426FFA234F4A1E007A63D9 /* Sources */ = {
			isa = PBXSourcesBuildPhase;
			buildActionMask = 2147483647;
			files = (
				BE4B4F1923F0B78C0090CCD9 /* OnboardingAvatarPickerView.swift in Sources */,
				BE66B18323BD096800166912 /* OnboardingWelcomeView.swift in Sources */,
				BE38A05123F34454005D51F9 /* DefaultConfiguration.swift in Sources */,
				BE442C7123EDA9E0002306E6 /* Weekday.swift in Sources */,
				BE442C7223EDAA09002306E6 /* AppStateRepository.swift in Sources */,
				BE442C6623EDA369002306E6 /* TimeInterval+Conversions.swift in Sources */,
				BEB0979D23BF990E00244E30 /* PageView.swift in Sources */,
				BE442C7A23EDAB0F002306E6 /* TimePeriod.swift in Sources */,
				BE4B4F1723F0ACC40090CCD9 /* Avatar.swift in Sources */,
				BEC00AE723BFD6A0001B6724 /* PageControl.swift in Sources */,
				BE4B4F1E23F0C5890090CCD9 /* AvatarButtonView.swift in Sources */,
				BE85876923BFF2A300DEFE98 /* Formatter+Extensions.swift in Sources */,
				BEB0979A23BF984F00244E30 /* PageViewController.swift in Sources */,
				BEBACBB123E745EA002ABD20 /* ScaledFont.swift in Sources */,
				BEC748BB23D23BB50027F26D /* WeekHStack.swift in Sources */,
				BE28C50023D7AD9600CA9D13 /* PreviewProvider+Locale.swift in Sources */,
				BE293A5E23F4719500BB4E98 /* UIColor+Init.swift in Sources */,
				BE293A6023F4895A00BB4E98 /* Font+UIFont.swift in Sources */,
				BE38A05323F3445F005D51F9 /* ConfigurationProtocol.swift in Sources */,
				BE92646023ED9F270072A555 /* TimeTextTranslator.swift in Sources */,
				BEC748BD23D23BCF0027F26D /* WeekdayView.swift in Sources */,
				BE442C7523EDAA16002306E6 /* Routine.swift in Sources */,
				BE52E506257412A4003348D9 /* GlobalConstants.swift in Sources */,
				BEC00AEB23BFDC3C001B6724 /* OnboardingIncomeView.swift in Sources */,
				BE442C6423EDA32F002306E6 /* Double+Conversions.swift in Sources */,
				BE442C6223EDA31B002306E6 /* Decimal+Conversions.swift in Sources */,
				BE92644C23ED95210072A555 /* InteractorsContainer.swift in Sources */,
				BE442C7423EDAA14002306E6 /* User.swift in Sources */,
				BE38A04F23F34434005D51F9 /* GlobalConfiguration.swift in Sources */,
				BEC00AEF23BFE361001B6724 /* BackgroundView.swift in Sources */,
				EE427002234F4A1E007A63D9 /* AppDelegate.swift in Sources */,
				BEC00AF223BFE591001B6724 /* View+Extensions.swift in Sources */,
				BE4B4F1B23F0C15C0090CCD9 /* AvatarPickerView.swift in Sources */,
				BE442C6823EDA399002306E6 /* DateComponentsFormatter+String.swift in Sources */,
				BEA9AB3423C5308B0057EA1E /* CurrencyField.swift in Sources */,
				BE270BD723C039E50099AAC7 /* OnboardingWeekdaysView.swift in Sources */,
				BE442C7023EDA9DC002306E6 /* AppState.swift in Sources */,
				BE57677E23CE838D004BF48C /* EditView.swift in Sources */,
				EE427009234F4A1E007A63D9 /* MainView.swift in Sources */,
				BE293A6223F4957400BB4E98 /* DarkModeConfiguration.swift in Sources */,
				BEC00AE923BFDC2C001B6724 /* OnboardingWorkTimeView.swift in Sources */,
				BE37722923E7149F003C8D3F /* UIDevice+Type.swift in Sources */,
				BE92646123ED9F270072A555 /* Calculator.swift in Sources */,
				BE4B4F0E23EEF8F10090CCD9 /* AvatarView.swift in Sources */,
				BE442C6D23EDA834002306E6 /* SecondsContainedIn.swift in Sources */,
				EE427004234F4A1E007A63D9 /* SceneDelegate.swift in Sources */,
				BE442C6723EDA399002306E6 /* NSDecimalNumber+Operators.swift in Sources */,
				BE4B4F1523EF18E30090CCD9 /* AvatarFactory.swift in Sources */,
				BE4B4F1323EEFE500090CCD9 /* ScenarioFactory.swift in Sources */,
				BE442C7323EDAA14002306E6 /* Money.swift in Sources */,
				BE92644423EC4F020072A555 /* CurrencyInputComponentView.swift in Sources */,
				BE92644623ECD0380072A555 /* MainInteractor.swift in Sources */,
			);
			runOnlyForDeploymentPostprocessing = 0;
		};
		EE427013234F4A23007A63D9 /* Sources */ = {
			isa = PBXSourcesBuildPhase;
			buildActionMask = 2147483647;
			files = (
				BE92646C23ED9F4A0072A555 /* TimeTextTranslatorTests.swift in Sources */,
				BE92646D23ED9F4A0072A555 /* CalculatorTests.swift in Sources */,
				BE92646E23ED9F4A0072A555 /* ValueTests.swift in Sources */,
				BE407965258B838C00865615 /* UserTests.swift in Sources */,
				BE770FCD258AAD2600766DB3 /* ScenarioFactoryTests.swift in Sources */,
				BE92646B23ED9F4A0072A555 /* XCTestCase+Extensions.swift in Sources */,
			);
			runOnlyForDeploymentPostprocessing = 0;
		};
		EE42701E234F4A23007A63D9 /* Sources */ = {
			isa = PBXSourcesBuildPhase;
			buildActionMask = 2147483647;
			files = (
				EE427027234F4A23007A63D9 /* Time_is_MoneyUITests.swift in Sources */,
			);
			runOnlyForDeploymentPostprocessing = 0;
		};
/* End PBXSourcesBuildPhase section */

/* Begin PBXTargetDependency section */
		EE427019234F4A23007A63D9 /* PBXTargetDependency */ = {
			isa = PBXTargetDependency;
			target = EE426FFD234F4A1E007A63D9 /* Time is Money */;
			targetProxy = EE427018234F4A23007A63D9 /* PBXContainerItemProxy */;
		};
		EE427024234F4A23007A63D9 /* PBXTargetDependency */ = {
			isa = PBXTargetDependency;
			target = EE426FFD234F4A1E007A63D9 /* Time is Money */;
			targetProxy = EE427023234F4A23007A63D9 /* PBXContainerItemProxy */;
		};
/* End PBXTargetDependency section */

/* Begin PBXVariantGroup section */
		BE28C4FA23D7AB3400CA9D13 /* Localizable.strings */ = {
			isa = PBXVariantGroup;
			children = (
				BE28C4F923D7AB3400CA9D13 /* pt-BR */,
				BE28C4FC23D7AB5300CA9D13 /* en */,
			);
			name = Localizable.strings;
			sourceTree = "<group>";
		};
		EE42700F234F4A23007A63D9 /* LaunchScreen.storyboard */ = {
			isa = PBXVariantGroup;
			children = (
				EE427010234F4A23007A63D9 /* Base */,
				BE28C4F523D7AABA00CA9D13 /* pt-BR */,
			);
			name = LaunchScreen.storyboard;
			sourceTree = "<group>";
		};
/* End PBXVariantGroup section */

/* Begin XCBuildConfiguration section */
		EE427029234F4A23007A63D9 /* Debug */ = {
			isa = XCBuildConfiguration;
			buildSettings = {
				ALWAYS_SEARCH_USER_PATHS = NO;
				CLANG_ANALYZER_LOCALIZABILITY_NONLOCALIZED = YES;
				CLANG_ANALYZER_NONNULL = YES;
				CLANG_ANALYZER_NUMBER_OBJECT_CONVERSION = YES_AGGRESSIVE;
				CLANG_CXX_LANGUAGE_STANDARD = "gnu++14";
				CLANG_CXX_LIBRARY = "libc++";
				CLANG_ENABLE_MODULES = YES;
				CLANG_ENABLE_OBJC_ARC = YES;
				CLANG_ENABLE_OBJC_WEAK = YES;
				CLANG_WARN_BLOCK_CAPTURE_AUTORELEASING = YES;
				CLANG_WARN_BOOL_CONVERSION = YES;
				CLANG_WARN_COMMA = YES;
				CLANG_WARN_CONSTANT_CONVERSION = YES;
				CLANG_WARN_DEPRECATED_OBJC_IMPLEMENTATIONS = YES;
				CLANG_WARN_DIRECT_OBJC_ISA_USAGE = YES_ERROR;
				CLANG_WARN_DOCUMENTATION_COMMENTS = YES;
				CLANG_WARN_EMPTY_BODY = YES;
				CLANG_WARN_ENUM_CONVERSION = YES;
				CLANG_WARN_INFINITE_RECURSION = YES;
				CLANG_WARN_INT_CONVERSION = YES;
				CLANG_WARN_NON_LITERAL_NULL_CONVERSION = YES;
				CLANG_WARN_OBJC_IMPLICIT_RETAIN_SELF = YES;
				CLANG_WARN_OBJC_LITERAL_CONVERSION = YES;
				CLANG_WARN_OBJC_ROOT_CLASS = YES_ERROR;
				CLANG_WARN_QUOTED_INCLUDE_IN_FRAMEWORK_HEADER = YES;
				CLANG_WARN_RANGE_LOOP_ANALYSIS = YES;
				CLANG_WARN_STRICT_PROTOTYPES = YES;
				CLANG_WARN_SUSPICIOUS_MOVE = YES;
				CLANG_WARN_UNGUARDED_AVAILABILITY = YES_AGGRESSIVE;
				CLANG_WARN_UNREACHABLE_CODE = YES;
				CLANG_WARN__DUPLICATE_METHOD_MATCH = YES;
				COPY_PHASE_STRIP = NO;
				DEBUG_INFORMATION_FORMAT = dwarf;
				ENABLE_STRICT_OBJC_MSGSEND = YES;
				ENABLE_TESTABILITY = YES;
				GCC_C_LANGUAGE_STANDARD = gnu11;
				GCC_DYNAMIC_NO_PIC = NO;
				GCC_NO_COMMON_BLOCKS = YES;
				GCC_OPTIMIZATION_LEVEL = 0;
				GCC_PREPROCESSOR_DEFINITIONS = (
					"DEBUG=1",
					"$(inherited)",
				);
				GCC_WARN_64_TO_32_BIT_CONVERSION = YES;
				GCC_WARN_ABOUT_RETURN_TYPE = YES_ERROR;
				GCC_WARN_UNDECLARED_SELECTOR = YES;
				GCC_WARN_UNINITIALIZED_AUTOS = YES_AGGRESSIVE;
				GCC_WARN_UNUSED_FUNCTION = YES;
				GCC_WARN_UNUSED_VARIABLE = YES;
				IPHONEOS_DEPLOYMENT_TARGET = 13.1;
				MTL_ENABLE_DEBUG_INFO = INCLUDE_SOURCE;
				MTL_FAST_MATH = YES;
				ONLY_ACTIVE_ARCH = YES;
				SDKROOT = iphoneos;
				SWIFT_ACTIVE_COMPILATION_CONDITIONS = DEBUG;
				SWIFT_OPTIMIZATION_LEVEL = "-Onone";
			};
			name = Debug;
		};
		EE42702A234F4A23007A63D9 /* Release */ = {
			isa = XCBuildConfiguration;
			buildSettings = {
				ALWAYS_SEARCH_USER_PATHS = NO;
				CLANG_ANALYZER_LOCALIZABILITY_NONLOCALIZED = YES;
				CLANG_ANALYZER_NONNULL = YES;
				CLANG_ANALYZER_NUMBER_OBJECT_CONVERSION = YES_AGGRESSIVE;
				CLANG_CXX_LANGUAGE_STANDARD = "gnu++14";
				CLANG_CXX_LIBRARY = "libc++";
				CLANG_ENABLE_MODULES = YES;
				CLANG_ENABLE_OBJC_ARC = YES;
				CLANG_ENABLE_OBJC_WEAK = YES;
				CLANG_WARN_BLOCK_CAPTURE_AUTORELEASING = YES;
				CLANG_WARN_BOOL_CONVERSION = YES;
				CLANG_WARN_COMMA = YES;
				CLANG_WARN_CONSTANT_CONVERSION = YES;
				CLANG_WARN_DEPRECATED_OBJC_IMPLEMENTATIONS = YES;
				CLANG_WARN_DIRECT_OBJC_ISA_USAGE = YES_ERROR;
				CLANG_WARN_DOCUMENTATION_COMMENTS = YES;
				CLANG_WARN_EMPTY_BODY = YES;
				CLANG_WARN_ENUM_CONVERSION = YES;
				CLANG_WARN_INFINITE_RECURSION = YES;
				CLANG_WARN_INT_CONVERSION = YES;
				CLANG_WARN_NON_LITERAL_NULL_CONVERSION = YES;
				CLANG_WARN_OBJC_IMPLICIT_RETAIN_SELF = YES;
				CLANG_WARN_OBJC_LITERAL_CONVERSION = YES;
				CLANG_WARN_OBJC_ROOT_CLASS = YES_ERROR;
				CLANG_WARN_QUOTED_INCLUDE_IN_FRAMEWORK_HEADER = YES;
				CLANG_WARN_RANGE_LOOP_ANALYSIS = YES;
				CLANG_WARN_STRICT_PROTOTYPES = YES;
				CLANG_WARN_SUSPICIOUS_MOVE = YES;
				CLANG_WARN_UNGUARDED_AVAILABILITY = YES_AGGRESSIVE;
				CLANG_WARN_UNREACHABLE_CODE = YES;
				CLANG_WARN__DUPLICATE_METHOD_MATCH = YES;
				COPY_PHASE_STRIP = NO;
				DEBUG_INFORMATION_FORMAT = "dwarf-with-dsym";
				ENABLE_NS_ASSERTIONS = NO;
				ENABLE_STRICT_OBJC_MSGSEND = YES;
				GCC_C_LANGUAGE_STANDARD = gnu11;
				GCC_NO_COMMON_BLOCKS = YES;
				GCC_WARN_64_TO_32_BIT_CONVERSION = YES;
				GCC_WARN_ABOUT_RETURN_TYPE = YES_ERROR;
				GCC_WARN_UNDECLARED_SELECTOR = YES;
				GCC_WARN_UNINITIALIZED_AUTOS = YES_AGGRESSIVE;
				GCC_WARN_UNUSED_FUNCTION = YES;
				GCC_WARN_UNUSED_VARIABLE = YES;
				IPHONEOS_DEPLOYMENT_TARGET = 13.1;
				MTL_ENABLE_DEBUG_INFO = NO;
				MTL_FAST_MATH = YES;
				SDKROOT = iphoneos;
				SWIFT_COMPILATION_MODE = wholemodule;
				SWIFT_OPTIMIZATION_LEVEL = "-O";
				VALIDATE_PRODUCT = YES;
			};
			name = Release;
		};
		EE42702C234F4A23007A63D9 /* Debug */ = {
			isa = XCBuildConfiguration;
			buildSettings = {
				ALWAYS_EMBED_SWIFT_STANDARD_LIBRARIES = YES;
				ASSETCATALOG_COMPILER_APPICON_NAME = AppIcon;
				CODE_SIGN_STYLE = Automatic;
				CURRENT_PROJECT_VERSION = 8;
				DEVELOPMENT_ASSET_PATHS = "\"Time is Money/Supporting Files/Preview Content\"";
				DEVELOPMENT_TEAM = Y93HUJS49V;
				ENABLE_PREVIEWS = YES;
				FRAMEWORK_SEARCH_PATHS = (
					"$(inherited)",
					"$(PROJECT_DIR)",
				);
				INFOPLIST_FILE = "Time is Money/Supporting Files/Info.plist";
				LD_RUNPATH_SEARCH_PATHS = (
					"$(inherited)",
					"@executable_path/Frameworks",
				);
				MARKETING_VERSION = 1.3.0;
				PRODUCT_BUNDLE_IDENTIFIER = "br.com.victormelo.Time-is-Money";
				PRODUCT_NAME = "$(TARGET_NAME)";
				SWIFT_VERSION = 5.0;
				TARGETED_DEVICE_FAMILY = "1,2";
			};
			name = Debug;
		};
		EE42702D234F4A23007A63D9 /* Release */ = {
			isa = XCBuildConfiguration;
			buildSettings = {
				ALWAYS_EMBED_SWIFT_STANDARD_LIBRARIES = YES;
				ASSETCATALOG_COMPILER_APPICON_NAME = AppIcon;
				CODE_SIGN_STYLE = Automatic;
				CURRENT_PROJECT_VERSION = 8;
				DEVELOPMENT_ASSET_PATHS = "\"Time is Money/Supporting Files/Preview Content\"";
				DEVELOPMENT_TEAM = Y93HUJS49V;
				ENABLE_PREVIEWS = YES;
				FRAMEWORK_SEARCH_PATHS = (
					"$(inherited)",
					"$(PROJECT_DIR)",
				);
				INFOPLIST_FILE = "Time is Money/Supporting Files/Info.plist";
				LD_RUNPATH_SEARCH_PATHS = (
					"$(inherited)",
					"@executable_path/Frameworks",
				);
				MARKETING_VERSION = 1.3.0;
				PRODUCT_BUNDLE_IDENTIFIER = "br.com.victormelo.Time-is-Money";
				PRODUCT_NAME = "$(TARGET_NAME)";
				SWIFT_VERSION = 5.0;
				TARGETED_DEVICE_FAMILY = "1,2";
			};
			name = Release;
		};
		EE42702F234F4A23007A63D9 /* Debug */ = {
			isa = XCBuildConfiguration;
			buildSettings = {
				ALWAYS_EMBED_SWIFT_STANDARD_LIBRARIES = YES;
				BUNDLE_LOADER = "$(TEST_HOST)";
				CLANG_ENABLE_MODULES = YES;
				CODE_SIGN_STYLE = Automatic;
				DEVELOPMENT_TEAM = Y93HUJS49V;
				INFOPLIST_FILE = "Time is MoneyTests/Info.plist";
				IPHONEOS_DEPLOYMENT_TARGET = 13.1;
				LD_RUNPATH_SEARCH_PATHS = (
					"$(inherited)",
					"@executable_path/Frameworks",
					"@loader_path/Frameworks",
				);
				PRODUCT_BUNDLE_IDENTIFIER = "br.com.victormelo.Time-is-MoneyTests";
				PRODUCT_NAME = "$(TARGET_NAME)";
				SWIFT_OPTIMIZATION_LEVEL = "-Onone";
				SWIFT_VERSION = 5.0;
				TARGETED_DEVICE_FAMILY = "1,2";
				TEST_HOST = "$(BUILT_PRODUCTS_DIR)/Time is Money.app/Time is Money";
			};
			name = Debug;
		};
		EE427030234F4A23007A63D9 /* Release */ = {
			isa = XCBuildConfiguration;
			buildSettings = {
				ALWAYS_EMBED_SWIFT_STANDARD_LIBRARIES = YES;
				BUNDLE_LOADER = "$(TEST_HOST)";
				CLANG_ENABLE_MODULES = YES;
				CODE_SIGN_STYLE = Automatic;
				DEVELOPMENT_TEAM = Y93HUJS49V;
				INFOPLIST_FILE = "Time is MoneyTests/Info.plist";
				IPHONEOS_DEPLOYMENT_TARGET = 13.1;
				LD_RUNPATH_SEARCH_PATHS = (
					"$(inherited)",
					"@executable_path/Frameworks",
					"@loader_path/Frameworks",
				);
				PRODUCT_BUNDLE_IDENTIFIER = "br.com.victormelo.Time-is-MoneyTests";
				PRODUCT_NAME = "$(TARGET_NAME)";
				SWIFT_VERSION = 5.0;
				TARGETED_DEVICE_FAMILY = "1,2";
				TEST_HOST = "$(BUILT_PRODUCTS_DIR)/Time is Money.app/Time is Money";
			};
			name = Release;
		};
		EE427032234F4A23007A63D9 /* Debug */ = {
			isa = XCBuildConfiguration;
			buildSettings = {
				ALWAYS_EMBED_SWIFT_STANDARD_LIBRARIES = YES;
				CODE_SIGN_STYLE = Automatic;
				DEVELOPMENT_TEAM = Y93HUJS49V;
				INFOPLIST_FILE = "Time is MoneyUITests/Info.plist";
				LD_RUNPATH_SEARCH_PATHS = (
					"$(inherited)",
					"@executable_path/Frameworks",
					"@loader_path/Frameworks",
				);
				PRODUCT_BUNDLE_IDENTIFIER = "br.com.victormelo.Time-is-MoneyUITests";
				PRODUCT_NAME = "$(TARGET_NAME)";
				SWIFT_VERSION = 5.0;
				TARGETED_DEVICE_FAMILY = "1,2";
				TEST_TARGET_NAME = "Time is Money";
			};
			name = Debug;
		};
		EE427033234F4A23007A63D9 /* Release */ = {
			isa = XCBuildConfiguration;
			buildSettings = {
				ALWAYS_EMBED_SWIFT_STANDARD_LIBRARIES = YES;
				CODE_SIGN_STYLE = Automatic;
				DEVELOPMENT_TEAM = Y93HUJS49V;
				INFOPLIST_FILE = "Time is MoneyUITests/Info.plist";
				LD_RUNPATH_SEARCH_PATHS = (
					"$(inherited)",
					"@executable_path/Frameworks",
					"@loader_path/Frameworks",
				);
				PRODUCT_BUNDLE_IDENTIFIER = "br.com.victormelo.Time-is-MoneyUITests";
				PRODUCT_NAME = "$(TARGET_NAME)";
				SWIFT_VERSION = 5.0;
				TARGETED_DEVICE_FAMILY = "1,2";
				TEST_TARGET_NAME = "Time is Money";
			};
			name = Release;
		};
/* End XCBuildConfiguration section */

/* Begin XCConfigurationList section */
		EE426FF9234F4A1E007A63D9 /* Build configuration list for PBXProject "Time is Money" */ = {
			isa = XCConfigurationList;
			buildConfigurations = (
				EE427029234F4A23007A63D9 /* Debug */,
				EE42702A234F4A23007A63D9 /* Release */,
			);
			defaultConfigurationIsVisible = 0;
			defaultConfigurationName = Release;
		};
		EE42702B234F4A23007A63D9 /* Build configuration list for PBXNativeTarget "Time is Money" */ = {
			isa = XCConfigurationList;
			buildConfigurations = (
				EE42702C234F4A23007A63D9 /* Debug */,
				EE42702D234F4A23007A63D9 /* Release */,
			);
			defaultConfigurationIsVisible = 0;
			defaultConfigurationName = Release;
		};
		EE42702E234F4A23007A63D9 /* Build configuration list for PBXNativeTarget "Time is MoneyTests" */ = {
			isa = XCConfigurationList;
			buildConfigurations = (
				EE42702F234F4A23007A63D9 /* Debug */,
				EE427030234F4A23007A63D9 /* Release */,
			);
			defaultConfigurationIsVisible = 0;
			defaultConfigurationName = Release;
		};
		EE427031234F4A23007A63D9 /* Build configuration list for PBXNativeTarget "Time is MoneyUITests" */ = {
			isa = XCConfigurationList;
			buildConfigurations = (
				EE427032234F4A23007A63D9 /* Debug */,
				EE427033234F4A23007A63D9 /* Release */,
			);
			defaultConfigurationIsVisible = 0;
			defaultConfigurationName = Release;
		};
/* End XCConfigurationList section */
	};
	rootObject = EE426FF6234F4A1E007A63D9 /* Project object */;
}
