// !$*UTF8*$!
{
	archiveVersion = 1;
	classes = {
	};
	objectVersion = 50;
	objects = {

/* Begin PBXBuildFile section */
		BE270BD723C039E50099AAC7 /* DaysOfWeekView.swift in Sources */ = {isa = PBXBuildFile; fileRef = BE270BD623C039E50099AAC7 /* DaysOfWeekView.swift */; };
		BE270BD923C045820099AAC7 /* General Extensions.swift in Sources */ = {isa = PBXBuildFile; fileRef = BE270BD823C045820099AAC7 /* General Extensions.swift */; };
		BE270BDB23C2570C0099AAC7 /* UserInfo.swift in Sources */ = {isa = PBXBuildFile; fileRef = BE270BDA23C2570C0099AAC7 /* UserInfo.swift */; };
		BE270BEB23C2BE200099AAC7 /* InOutDecimalField.swift in Sources */ = {isa = PBXBuildFile; fileRef = BE270BEA23C2BE200099AAC7 /* InOutDecimalField.swift */; };
		BE270BEF23C2BE950099AAC7 /* Persistence.swift in Sources */ = {isa = PBXBuildFile; fileRef = BE270BEE23C2BE950099AAC7 /* Persistence.swift */; };
		BE66B18323BD096800166912 /* WelcomeView.swift in Sources */ = {isa = PBXBuildFile; fileRef = BE66B18223BD096800166912 /* WelcomeView.swift */; };
		BE815FC72383497200000FB9 /* TimeIsMoneyCore.framework in Frameworks */ = {isa = PBXBuildFile; fileRef = BE815FC62383497200000FB9 /* TimeIsMoneyCore.framework */; };
		BE815FC82383497200000FB9 /* TimeIsMoneyCore.framework in Embed Frameworks */ = {isa = PBXBuildFile; fileRef = BE815FC62383497200000FB9 /* TimeIsMoneyCore.framework */; settings = {ATTRIBUTES = (CodeSignOnCopy, RemoveHeadersOnCopy, ); }; };
		BE85876723BFF09200DEFE98 /* DecimalField.swift in Sources */ = {isa = PBXBuildFile; fileRef = BE85876623BFF09200DEFE98 /* DecimalField.swift */; };
		BE85876923BFF2A300DEFE98 /* Formatters.swift in Sources */ = {isa = PBXBuildFile; fileRef = BE85876823BFF2A300DEFE98 /* Formatters.swift */; };
		BEA9AB3423C5308B0057EA1E /* CurrencyField.swift in Sources */ = {isa = PBXBuildFile; fileRef = BEA9AB3323C5308B0057EA1E /* CurrencyField.swift */; };
		BEB0979A23BF984F00244E30 /* PageViewController.swift in Sources */ = {isa = PBXBuildFile; fileRef = BEB0979923BF984F00244E30 /* PageViewController.swift */; };
		BEB0979D23BF990E00244E30 /* PageView.swift in Sources */ = {isa = PBXBuildFile; fileRef = BEB0979C23BF990E00244E30 /* PageView.swift */; };
		BEC00AE723BFD6A0001B6724 /* PageControl.swift in Sources */ = {isa = PBXBuildFile; fileRef = BEC00AE623BFD6A0001B6724 /* PageControl.swift */; };
		BEC00AE923BFDC2C001B6724 /* WorkTimeView.swift in Sources */ = {isa = PBXBuildFile; fileRef = BEC00AE823BFDC2C001B6724 /* WorkTimeView.swift */; };
		BEC00AEB23BFDC3C001B6724 /* IncomeView.swift in Sources */ = {isa = PBXBuildFile; fileRef = BEC00AEA23BFDC3C001B6724 /* IncomeView.swift */; };
		BEC00AEF23BFE361001B6724 /* BackgroundView.swift in Sources */ = {isa = PBXBuildFile; fileRef = BEC00AEE23BFE361001B6724 /* BackgroundView.swift */; };
		BEC00AF223BFE591001B6724 /* View+Extensions.swift in Sources */ = {isa = PBXBuildFile; fileRef = BEC00AF123BFE591001B6724 /* View+Extensions.swift */; };
		BEFBF0E723BD470200FBE0D2 /* Design.swift in Sources */ = {isa = PBXBuildFile; fileRef = BEFBF0E623BD470200FBE0D2 /* Design.swift */; };
		EE427002234F4A1E007A63D9 /* AppDelegate.swift in Sources */ = {isa = PBXBuildFile; fileRef = EE427001234F4A1E007A63D9 /* AppDelegate.swift */; };
		EE427004234F4A1E007A63D9 /* SceneDelegate.swift in Sources */ = {isa = PBXBuildFile; fileRef = EE427003234F4A1E007A63D9 /* SceneDelegate.swift */; };
		EE427007234F4A1E007A63D9 /* Time_is_Money.xcdatamodeld in Sources */ = {isa = PBXBuildFile; fileRef = EE427005234F4A1E007A63D9 /* Time_is_Money.xcdatamodeld */; };
		EE427009234F4A1E007A63D9 /* MainView.swift in Sources */ = {isa = PBXBuildFile; fileRef = EE427008234F4A1E007A63D9 /* MainView.swift */; };
		EE42700B234F4A22007A63D9 /* Assets.xcassets in Resources */ = {isa = PBXBuildFile; fileRef = EE42700A234F4A22007A63D9 /* Assets.xcassets */; };
		EE42700E234F4A22007A63D9 /* Preview Assets.xcassets in Resources */ = {isa = PBXBuildFile; fileRef = EE42700D234F4A22007A63D9 /* Preview Assets.xcassets */; };
		EE427011234F4A23007A63D9 /* LaunchScreen.storyboard in Resources */ = {isa = PBXBuildFile; fileRef = EE42700F234F4A23007A63D9 /* LaunchScreen.storyboard */; };
		EE42701C234F4A23007A63D9 /* Time_is_MoneyTests.swift in Sources */ = {isa = PBXBuildFile; fileRef = EE42701B234F4A23007A63D9 /* Time_is_MoneyTests.swift */; };
		EE427027234F4A23007A63D9 /* Time_is_MoneyUITests.swift in Sources */ = {isa = PBXBuildFile; fileRef = EE427026234F4A23007A63D9 /* Time_is_MoneyUITests.swift */; };
/* End PBXBuildFile section */

/* Begin PBXContainerItemProxy section */
		EE427018234F4A23007A63D9 /* PBXContainerItemProxy */ = {
			isa = PBXContainerItemProxy;
			containerPortal = EE426FF6234F4A1E007A63D9 /* Project object */;
			proxyType = 1;
			remoteGlobalIDString = EE426FFD234F4A1E007A63D9;
			remoteInfo = "Time is Money";
		};
		EE427023234F4A23007A63D9 /* PBXContainerItemProxy */ = {
			isa = PBXContainerItemProxy;
			containerPortal = EE426FF6234F4A1E007A63D9 /* Project object */;
			proxyType = 1;
			remoteGlobalIDString = EE426FFD234F4A1E007A63D9;
			remoteInfo = "Time is Money";
		};
/* End PBXContainerItemProxy section */

/* Begin PBXCopyFilesBuildPhase section */
		BE815F40238343EF00000FB9 /* Embed Frameworks */ = {
			isa = PBXCopyFilesBuildPhase;
			buildActionMask = 2147483647;
			dstPath = "";
			dstSubfolderSpec = 10;
			files = (
				BE815FC82383497200000FB9 /* TimeIsMoneyCore.framework in Embed Frameworks */,
			);
			name = "Embed Frameworks";
			runOnlyForDeploymentPostprocessing = 0;
		};
/* End PBXCopyFilesBuildPhase section */

/* Begin PBXFileReference section */
		BE270BD623C039E50099AAC7 /* DaysOfWeekView.swift */ = {isa = PBXFileReference; lastKnownFileType = sourcecode.swift; path = DaysOfWeekView.swift; sourceTree = "<group>"; };
		BE270BD823C045820099AAC7 /* General Extensions.swift */ = {isa = PBXFileReference; lastKnownFileType = sourcecode.swift; path = "General Extensions.swift"; sourceTree = "<group>"; };
		BE270BDA23C2570C0099AAC7 /* UserInfo.swift */ = {isa = PBXFileReference; lastKnownFileType = sourcecode.swift; path = UserInfo.swift; sourceTree = "<group>"; };
		BE270BEA23C2BE200099AAC7 /* InOutDecimalField.swift */ = {isa = PBXFileReference; lastKnownFileType = sourcecode.swift; path = InOutDecimalField.swift; sourceTree = "<group>"; };
		BE270BEE23C2BE950099AAC7 /* Persistence.swift */ = {isa = PBXFileReference; lastKnownFileType = sourcecode.swift; path = Persistence.swift; sourceTree = "<group>"; };
		BE66B18223BD096800166912 /* WelcomeView.swift */ = {isa = PBXFileReference; lastKnownFileType = sourcecode.swift; path = WelcomeView.swift; sourceTree = "<group>"; };
		BE815FC62383497200000FB9 /* TimeIsMoneyCore.framework */ = {isa = PBXFileReference; explicitFileType = wrapper.framework; path = TimeIsMoneyCore.framework; sourceTree = BUILT_PRODUCTS_DIR; };
		BE85876623BFF09200DEFE98 /* DecimalField.swift */ = {isa = PBXFileReference; fileEncoding = 4; lastKnownFileType = sourcecode.swift; path = DecimalField.swift; sourceTree = "<group>"; };
		BE85876823BFF2A300DEFE98 /* Formatters.swift */ = {isa = PBXFileReference; lastKnownFileType = sourcecode.swift; path = Formatters.swift; sourceTree = "<group>"; };
		BEA9AB3323C5308B0057EA1E /* CurrencyField.swift */ = {isa = PBXFileReference; lastKnownFileType = sourcecode.swift; path = CurrencyField.swift; sourceTree = "<group>"; };
		BEB0979923BF984F00244E30 /* PageViewController.swift */ = {isa = PBXFileReference; lastKnownFileType = sourcecode.swift; path = PageViewController.swift; sourceTree = "<group>"; };
		BEB0979C23BF990E00244E30 /* PageView.swift */ = {isa = PBXFileReference; lastKnownFileType = sourcecode.swift; path = PageView.swift; sourceTree = "<group>"; };
		BEC00AE623BFD6A0001B6724 /* PageControl.swift */ = {isa = PBXFileReference; lastKnownFileType = sourcecode.swift; path = PageControl.swift; sourceTree = "<group>"; };
		BEC00AE823BFDC2C001B6724 /* WorkTimeView.swift */ = {isa = PBXFileReference; lastKnownFileType = sourcecode.swift; path = WorkTimeView.swift; sourceTree = "<group>"; };
		BEC00AEA23BFDC3C001B6724 /* IncomeView.swift */ = {isa = PBXFileReference; lastKnownFileType = sourcecode.swift; path = IncomeView.swift; sourceTree = "<group>"; };
		BEC00AEE23BFE361001B6724 /* BackgroundView.swift */ = {isa = PBXFileReference; lastKnownFileType = sourcecode.swift; path = BackgroundView.swift; sourceTree = "<group>"; };
		BEC00AF123BFE591001B6724 /* View+Extensions.swift */ = {isa = PBXFileReference; lastKnownFileType = sourcecode.swift; path = "View+Extensions.swift"; sourceTree = "<group>"; };
		BEFBF0E623BD470200FBE0D2 /* Design.swift */ = {isa = PBXFileReference; lastKnownFileType = sourcecode.swift; path = Design.swift; sourceTree = "<group>"; };
		EE426FFE234F4A1E007A63D9 /* Time is Money.app */ = {isa = PBXFileReference; explicitFileType = wrapper.application; includeInIndex = 0; path = "Time is Money.app"; sourceTree = BUILT_PRODUCTS_DIR; };
		EE427001234F4A1E007A63D9 /* AppDelegate.swift */ = {isa = PBXFileReference; lastKnownFileType = sourcecode.swift; path = AppDelegate.swift; sourceTree = "<group>"; };
		EE427003234F4A1E007A63D9 /* SceneDelegate.swift */ = {isa = PBXFileReference; lastKnownFileType = sourcecode.swift; path = SceneDelegate.swift; sourceTree = "<group>"; };
		EE427006234F4A1E007A63D9 /* Time_is_Money.xcdatamodel */ = {isa = PBXFileReference; lastKnownFileType = wrapper.xcdatamodel; path = Time_is_Money.xcdatamodel; sourceTree = "<group>"; };
		EE427008234F4A1E007A63D9 /* MainView.swift */ = {isa = PBXFileReference; lastKnownFileType = sourcecode.swift; path = MainView.swift; sourceTree = "<group>"; };
		EE42700A234F4A22007A63D9 /* Assets.xcassets */ = {isa = PBXFileReference; lastKnownFileType = folder.assetcatalog; path = Assets.xcassets; sourceTree = "<group>"; };
		EE42700D234F4A22007A63D9 /* Preview Assets.xcassets */ = {isa = PBXFileReference; lastKnownFileType = folder.assetcatalog; path = "Preview Assets.xcassets"; sourceTree = "<group>"; };
		EE427010234F4A23007A63D9 /* Base */ = {isa = PBXFileReference; lastKnownFileType = file.storyboard; name = Base; path = Base.lproj/LaunchScreen.storyboard; sourceTree = "<group>"; };
		EE427012234F4A23007A63D9 /* Info.plist */ = {isa = PBXFileReference; lastKnownFileType = text.plist.xml; path = Info.plist; sourceTree = "<group>"; };
		EE427017234F4A23007A63D9 /* Time is MoneyTests.xctest */ = {isa = PBXFileReference; explicitFileType = wrapper.cfbundle; includeInIndex = 0; path = "Time is MoneyTests.xctest"; sourceTree = BUILT_PRODUCTS_DIR; };
		EE42701B234F4A23007A63D9 /* Time_is_MoneyTests.swift */ = {isa = PBXFileReference; lastKnownFileType = sourcecode.swift; path = Time_is_MoneyTests.swift; sourceTree = "<group>"; };
		EE42701D234F4A23007A63D9 /* Info.plist */ = {isa = PBXFileReference; lastKnownFileType = text.plist.xml; path = Info.plist; sourceTree = "<group>"; };
		EE427022234F4A23007A63D9 /* Time is MoneyUITests.xctest */ = {isa = PBXFileReference; explicitFileType = wrapper.cfbundle; includeInIndex = 0; path = "Time is MoneyUITests.xctest"; sourceTree = BUILT_PRODUCTS_DIR; };
		EE427026234F4A23007A63D9 /* Time_is_MoneyUITests.swift */ = {isa = PBXFileReference; lastKnownFileType = sourcecode.swift; path = Time_is_MoneyUITests.swift; sourceTree = "<group>"; };
		EE427028234F4A23007A63D9 /* Info.plist */ = {isa = PBXFileReference; lastKnownFileType = text.plist.xml; path = Info.plist; sourceTree = "<group>"; };
/* End PBXFileReference section */

/* Begin PBXFrameworksBuildPhase section */
		EE426FFB234F4A1E007A63D9 /* Frameworks */ = {
			isa = PBXFrameworksBuildPhase;
			buildActionMask = 2147483647;
			files = (
				BE815FC72383497200000FB9 /* TimeIsMoneyCore.framework in Frameworks */,
			);
			runOnlyForDeploymentPostprocessing = 0;
		};
		EE427014234F4A23007A63D9 /* Frameworks */ = {
			isa = PBXFrameworksBuildPhase;
			buildActionMask = 2147483647;
			files = (
			);
			runOnlyForDeploymentPostprocessing = 0;
		};
		EE42701F234F4A23007A63D9 /* Frameworks */ = {
			isa = PBXFrameworksBuildPhase;
			buildActionMask = 2147483647;
			files = (
			);
			runOnlyForDeploymentPostprocessing = 0;
		};
/* End PBXFrameworksBuildPhase section */

/* Begin PBXGroup section */
		BE270BDC23C2599B0099AAC7 /* Base */ = {
			isa = PBXGroup;
			children = (
			);
			path = Base;
			sourceTree = "<group>";
		};
		BE270BEC23C2BE6F0099AAC7 /* Persistence */ = {
			isa = PBXGroup;
			children = (
				BE270BEE23C2BE950099AAC7 /* Persistence.swift */,
			);
			path = Persistence;
			sourceTree = "<group>";
		};
		BE270BED23C2BE730099AAC7 /* SwiftUI */ = {
			isa = PBXGroup;
			children = (
				BE85876623BFF09200DEFE98 /* DecimalField.swift */,
				BE270BEA23C2BE200099AAC7 /* InOutDecimalField.swift */,
				BEA9AB3323C5308B0057EA1E /* CurrencyField.swift */,
			);
			path = SwiftUI;
			sourceTree = "<group>";
		};
		BE7C9CC5236C9B8700167018 /* Shared */ = {
			isa = PBXGroup;
			children = (
				BE270BEC23C2BE6F0099AAC7 /* Persistence */,
				BE270BED23C2BE730099AAC7 /* SwiftUI */,
				BEC00AF023BFE57D001B6724 /* Extensions */,
				BE85876823BFF2A300DEFE98 /* Formatters.swift */,
				BE270BDA23C2570C0099AAC7 /* UserInfo.swift */,
			);
			path = Shared;
			sourceTree = "<group>";
		};
		BE815FC52383497200000FB9 /* Frameworks */ = {
			isa = PBXGroup;
			children = (
				BE815FC62383497200000FB9 /* TimeIsMoneyCore.framework */,
			);
			name = Frameworks;
			sourceTree = "<group>";
		};
		BE93568F236C8EA400B29EF5 /* Flows */ = {
			isa = PBXGroup;
			children = (
				BE270BDC23C2599B0099AAC7 /* Base */,
				BE935694236C8FA700B29EF5 /* Onboarding */,
				BE935693236C8F9800B29EF5 /* Main */,
				BEFBF0E623BD470200FBE0D2 /* Design.swift */,
				BEC00AEE23BFE361001B6724 /* BackgroundView.swift */,
			);
			path = Flows;
			sourceTree = "<group>";
		};
		BE935691236C8F1800B29EF5 /* Resources */ = {
			isa = PBXGroup;
			children = (
				EE42700C234F4A22007A63D9 /* Preview Content */,
				EE427005234F4A1E007A63D9 /* Time_is_Money.xcdatamodeld */,
				EE42700F234F4A23007A63D9 /* LaunchScreen.storyboard */,
				EE427012234F4A23007A63D9 /* Info.plist */,
				EE42700A234F4A22007A63D9 /* Assets.xcassets */,
			);
			path = Resources;
			sourceTree = "<group>";
		};
		BE935693236C8F9800B29EF5 /* Main */ = {
			isa = PBXGroup;
			children = (
				EE427008234F4A1E007A63D9 /* MainView.swift */,
			);
			path = Main;
			sourceTree = "<group>";
		};
		BE935694236C8FA700B29EF5 /* Onboarding */ = {
			isa = PBXGroup;
			children = (
				BEC00AF323BFE5CD001B6724 /* UIKit */,
				BEB0979C23BF990E00244E30 /* PageView.swift */,
				BE66B18223BD096800166912 /* WelcomeView.swift */,
				BEC00AE823BFDC2C001B6724 /* WorkTimeView.swift */,
				BE270BD623C039E50099AAC7 /* DaysOfWeekView.swift */,
				BEC00AEA23BFDC3C001B6724 /* IncomeView.swift */,
			);
			path = Onboarding;
			sourceTree = "<group>";
		};
		BEC00AF023BFE57D001B6724 /* Extensions */ = {
			isa = PBXGroup;
			children = (
				BEC00AF123BFE591001B6724 /* View+Extensions.swift */,
				BE270BD823C045820099AAC7 /* General Extensions.swift */,
			);
			path = Extensions;
			sourceTree = "<group>";
		};
		BEC00AF323BFE5CD001B6724 /* UIKit */ = {
			isa = PBXGroup;
			children = (
				BEC00AE623BFD6A0001B6724 /* PageControl.swift */,
				BEB0979923BF984F00244E30 /* PageViewController.swift */,
			);
			path = UIKit;
			sourceTree = "<group>";
		};
		EE426FF5234F4A1E007A63D9 = {
			isa = PBXGroup;
			children = (
				EE427000234F4A1E007A63D9 /* Time is Money */,
				EE42701A234F4A23007A63D9 /* Time is MoneyTests */,
				EE427025234F4A23007A63D9 /* Time is MoneyUITests */,
				EE426FFF234F4A1E007A63D9 /* Products */,
				BE815FC52383497200000FB9 /* Frameworks */,
			);
			sourceTree = "<group>";
		};
		EE426FFF234F4A1E007A63D9 /* Products */ = {
			isa = PBXGroup;
			children = (
				EE426FFE234F4A1E007A63D9 /* Time is Money.app */,
				EE427017234F4A23007A63D9 /* Time is MoneyTests.xctest */,
				EE427022234F4A23007A63D9 /* Time is MoneyUITests.xctest */,
			);
			name = Products;
			sourceTree = "<group>";
		};
		EE427000234F4A1E007A63D9 /* Time is Money */ = {
			isa = PBXGroup;
			children = (
				EE427003234F4A1E007A63D9 /* SceneDelegate.swift */,
				EE427001234F4A1E007A63D9 /* AppDelegate.swift */,
				BE7C9CC5236C9B8700167018 /* Shared */,
				BE93568F236C8EA400B29EF5 /* Flows */,
				BE935691236C8F1800B29EF5 /* Resources */,
			);
			path = "Time is Money";
			sourceTree = "<group>";
		};
		EE42700C234F4A22007A63D9 /* Preview Content */ = {
			isa = PBXGroup;
			children = (
				EE42700D234F4A22007A63D9 /* Preview Assets.xcassets */,
			);
			path = "Preview Content";
			sourceTree = "<group>";
		};
		EE42701A234F4A23007A63D9 /* Time is MoneyTests */ = {
			isa = PBXGroup;
			children = (
				EE42701B234F4A23007A63D9 /* Time_is_MoneyTests.swift */,
				EE42701D234F4A23007A63D9 /* Info.plist */,
			);
			path = "Time is MoneyTests";
			sourceTree = "<group>";
		};
		EE427025234F4A23007A63D9 /* Time is MoneyUITests */ = {
			isa = PBXGroup;
			children = (
				EE427026234F4A23007A63D9 /* Time_is_MoneyUITests.swift */,
				EE427028234F4A23007A63D9 /* Info.plist */,
			);
			path = "Time is MoneyUITests";
			sourceTree = "<group>";
		};
/* End PBXGroup section */

/* Begin PBXNativeTarget section */
		EE426FFD234F4A1E007A63D9 /* Time is Money */ = {
			isa = PBXNativeTarget;
			buildConfigurationList = EE42702B234F4A23007A63D9 /* Build configuration list for PBXNativeTarget "Time is Money" */;
			buildPhases = (
				EE426FFA234F4A1E007A63D9 /* Sources */,
				EE426FFB234F4A1E007A63D9 /* Frameworks */,
				EE426FFC234F4A1E007A63D9 /* Resources */,
				BE815F40238343EF00000FB9 /* Embed Frameworks */,
			);
			buildRules = (
			);
			dependencies = (
			);
			name = "Time is Money";
			packageProductDependencies = (
			);
			productName = "Time is Money";
			productReference = EE426FFE234F4A1E007A63D9 /* Time is Money.app */;
			productType = "com.apple.product-type.application";
		};
		EE427016234F4A23007A63D9 /* Time is MoneyTests */ = {
			isa = PBXNativeTarget;
			buildConfigurationList = EE42702E234F4A23007A63D9 /* Build configuration list for PBXNativeTarget "Time is MoneyTests" */;
			buildPhases = (
				EE427013234F4A23007A63D9 /* Sources */,
				EE427014234F4A23007A63D9 /* Frameworks */,
				EE427015234F4A23007A63D9 /* Resources */,
			);
			buildRules = (
			);
			dependencies = (
				EE427019234F4A23007A63D9 /* PBXTargetDependency */,
			);
			name = "Time is MoneyTests";
			productName = "Time is MoneyTests";
			productReference = EE427017234F4A23007A63D9 /* Time is MoneyTests.xctest */;
			productType = "com.apple.product-type.bundle.unit-test";
		};
		EE427021234F4A23007A63D9 /* Time is MoneyUITests */ = {
			isa = PBXNativeTarget;
			buildConfigurationList = EE427031234F4A23007A63D9 /* Build configuration list for PBXNativeTarget "Time is MoneyUITests" */;
			buildPhases = (
				EE42701E234F4A23007A63D9 /* Sources */,
				EE42701F234F4A23007A63D9 /* Frameworks */,
				EE427020234F4A23007A63D9 /* Resources */,
			);
			buildRules = (
			);
			dependencies = (
				EE427024234F4A23007A63D9 /* PBXTargetDependency */,
			);
			name = "Time is MoneyUITests";
			productName = "Time is MoneyUITests";
			productReference = EE427022234F4A23007A63D9 /* Time is MoneyUITests.xctest */;
			productType = "com.apple.product-type.bundle.ui-testing";
		};
/* End PBXNativeTarget section */

/* Begin PBXProject section */
		EE426FF6234F4A1E007A63D9 /* Project object */ = {
			isa = PBXProject;
			attributes = {
				LastSwiftUpdateCheck = 1110;
				LastUpgradeCheck = 1110;
				ORGANIZATIONNAME = "Victor S Melo";
				TargetAttributes = {
					EE426FFD234F4A1E007A63D9 = {
						CreatedOnToolsVersion = 11.1;
					};
					EE427016234F4A23007A63D9 = {
						CreatedOnToolsVersion = 11.1;
						TestTargetID = EE426FFD234F4A1E007A63D9;
					};
					EE427021234F4A23007A63D9 = {
						CreatedOnToolsVersion = 11.1;
						TestTargetID = EE426FFD234F4A1E007A63D9;
					};
				};
			};
			buildConfigurationList = EE426FF9234F4A1E007A63D9 /* Build configuration list for PBXProject "Time is Money" */;
			compatibilityVersion = "Xcode 9.3";
			developmentRegion = en;
			hasScannedForEncodings = 0;
			knownRegions = (
				en,
				Base,
			);
			mainGroup = EE426FF5234F4A1E007A63D9;
			packageReferences = (
			);
			productRefGroup = EE426FFF234F4A1E007A63D9 /* Products */;
			projectDirPath = "";
			projectRoot = "";
			targets = (
				EE426FFD234F4A1E007A63D9 /* Time is Money */,
				EE427016234F4A23007A63D9 /* Time is MoneyTests */,
				EE427021234F4A23007A63D9 /* Time is MoneyUITests */,
			);
		};
/* End PBXProject section */

/* Begin PBXResourcesBuildPhase section */
		EE426FFC234F4A1E007A63D9 /* Resources */ = {
			isa = PBXResourcesBuildPhase;
			buildActionMask = 2147483647;
			files = (
				EE427011234F4A23007A63D9 /* LaunchScreen.storyboard in Resources */,
				EE42700E234F4A22007A63D9 /* Preview Assets.xcassets in Resources */,
				EE42700B234F4A22007A63D9 /* Assets.xcassets in Resources */,
			);
			runOnlyForDeploymentPostprocessing = 0;
		};
		EE427015234F4A23007A63D9 /* Resources */ = {
			isa = PBXResourcesBuildPhase;
			buildActionMask = 2147483647;
			files = (
			);
			runOnlyForDeploymentPostprocessing = 0;
		};
		EE427020234F4A23007A63D9 /* Resources */ = {
			isa = PBXResourcesBuildPhase;
			buildActionMask = 2147483647;
			files = (
			);
			runOnlyForDeploymentPostprocessing = 0;
		};
/* End PBXResourcesBuildPhase section */

/* Begin PBXSourcesBuildPhase section */
		EE426FFA234F4A1E007A63D9 /* Sources */ = {
			isa = PBXSourcesBuildPhase;
			buildActionMask = 2147483647;
			files = (
				BE66B18323BD096800166912 /* WelcomeView.swift in Sources */,
				BEB0979D23BF990E00244E30 /* PageView.swift in Sources */,
				BEC00AE723BFD6A0001B6724 /* PageControl.swift in Sources */,
				BE85876923BFF2A300DEFE98 /* Formatters.swift in Sources */,
				BEB0979A23BF984F00244E30 /* PageViewController.swift in Sources */,
				BE270BEB23C2BE200099AAC7 /* InOutDecimalField.swift in Sources */,
				BEC00AEB23BFDC3C001B6724 /* IncomeView.swift in Sources */,
				EE427007234F4A1E007A63D9 /* Time_is_Money.xcdatamodeld in Sources */,
				BEC00AEF23BFE361001B6724 /* BackgroundView.swift in Sources */,
				BE270BEF23C2BE950099AAC7 /* Persistence.swift in Sources */,
				BE270BD923C045820099AAC7 /* General Extensions.swift in Sources */,
				EE427002234F4A1E007A63D9 /* AppDelegate.swift in Sources */,
				BE85876723BFF09200DEFE98 /* DecimalField.swift in Sources */,
				BEFBF0E723BD470200FBE0D2 /* Design.swift in Sources */,
				BEC00AF223BFE591001B6724 /* View+Extensions.swift in Sources */,
				BEA9AB3423C5308B0057EA1E /* CurrencyField.swift in Sources */,
				BE270BDB23C2570C0099AAC7 /* UserInfo.swift in Sources */,
				BE270BD723C039E50099AAC7 /* DaysOfWeekView.swift in Sources */,
				EE427009234F4A1E007A63D9 /* MainView.swift in Sources */,
				BEC00AE923BFDC2C001B6724 /* WorkTimeView.swift in Sources */,
				EE427004234F4A1E007A63D9 /* SceneDelegate.swift in Sources */,
			);
			runOnlyForDeploymentPostprocessing = 0;
		};
		EE427013234F4A23007A63D9 /* Sources */ = {
			isa = PBXSourcesBuildPhase;
			buildActionMask = 2147483647;
			files = (
				EE42701C234F4A23007A63D9 /* Time_is_MoneyTests.swift in Sources */,
			);
			runOnlyForDeploymentPostprocessing = 0;
		};
		EE42701E234F4A23007A63D9 /* Sources */ = {
			isa = PBXSourcesBuildPhase;
			buildActionMask = 2147483647;
			files = (
				EE427027234F4A23007A63D9 /* Time_is_MoneyUITests.swift in Sources */,
			);
			runOnlyForDeploymentPostprocessing = 0;
		};
/* End PBXSourcesBuildPhase section */

/* Begin PBXTargetDependency section */
		EE427019234F4A23007A63D9 /* PBXTargetDependency */ = {
			isa = PBXTargetDependency;
			target = EE426FFD234F4A1E007A63D9 /* Time is Money */;
			targetProxy = EE427018234F4A23007A63D9 /* PBXContainerItemProxy */;
		};
		EE427024234F4A23007A63D9 /* PBXTargetDependency */ = {
			isa = PBXTargetDependency;
			target = EE426FFD234F4A1E007A63D9 /* Time is Money */;
			targetProxy = EE427023234F4A23007A63D9 /* PBXContainerItemProxy */;
		};
/* End PBXTargetDependency section */

/* Begin PBXVariantGroup section */
		EE42700F234F4A23007A63D9 /* LaunchScreen.storyboard */ = {
			isa = PBXVariantGroup;
			children = (
				EE427010234F4A23007A63D9 /* Base */,
			);
			name = LaunchScreen.storyboard;
			sourceTree = "<group>";
		};
/* End PBXVariantGroup section */

/* Begin XCBuildConfiguration section */
		EE427029234F4A23007A63D9 /* Debug */ = {
			isa = XCBuildConfiguration;
			buildSettings = {
				ALWAYS_SEARCH_USER_PATHS = NO;
				CLANG_ANALYZER_NONNULL = YES;
				CLANG_ANALYZER_NUMBER_OBJECT_CONVERSION = YES_AGGRESSIVE;
				CLANG_CXX_LANGUAGE_STANDARD = "gnu++14";
				CLANG_CXX_LIBRARY = "libc++";
				CLANG_ENABLE_MODULES = YES;
				CLANG_ENABLE_OBJC_ARC = YES;
				CLANG_ENABLE_OBJC_WEAK = YES;
				CLANG_WARN_BLOCK_CAPTURE_AUTORELEASING = YES;
				CLANG_WARN_BOOL_CONVERSION = YES;
				CLANG_WARN_COMMA = YES;
				CLANG_WARN_CONSTANT_CONVERSION = YES;
				CLANG_WARN_DEPRECATED_OBJC_IMPLEMENTATIONS = YES;
				CLANG_WARN_DIRECT_OBJC_ISA_USAGE = YES_ERROR;
				CLANG_WARN_DOCUMENTATION_COMMENTS = YES;
				CLANG_WARN_EMPTY_BODY = YES;
				CLANG_WARN_ENUM_CONVERSION = YES;
				CLANG_WARN_INFINITE_RECURSION = YES;
				CLANG_WARN_INT_CONVERSION = YES;
				CLANG_WARN_NON_LITERAL_NULL_CONVERSION = YES;
				CLANG_WARN_OBJC_IMPLICIT_RETAIN_SELF = YES;
				CLANG_WARN_OBJC_LITERAL_CONVERSION = YES;
				CLANG_WARN_OBJC_ROOT_CLASS = YES_ERROR;
				CLANG_WARN_RANGE_LOOP_ANALYSIS = YES;
				CLANG_WARN_STRICT_PROTOTYPES = YES;
				CLANG_WARN_SUSPICIOUS_MOVE = YES;
				CLANG_WARN_UNGUARDED_AVAILABILITY = YES_AGGRESSIVE;
				CLANG_WARN_UNREACHABLE_CODE = YES;
				CLANG_WARN__DUPLICATE_METHOD_MATCH = YES;
				COPY_PHASE_STRIP = NO;
				DEBUG_INFORMATION_FORMAT = dwarf;
				ENABLE_STRICT_OBJC_MSGSEND = YES;
				ENABLE_TESTABILITY = YES;
				GCC_C_LANGUAGE_STANDARD = gnu11;
				GCC_DYNAMIC_NO_PIC = NO;
				GCC_NO_COMMON_BLOCKS = YES;
				GCC_OPTIMIZATION_LEVEL = 0;
				GCC_PREPROCESSOR_DEFINITIONS = (
					"DEBUG=1",
					"$(inherited)",
				);
				GCC_WARN_64_TO_32_BIT_CONVERSION = YES;
				GCC_WARN_ABOUT_RETURN_TYPE = YES_ERROR;
				GCC_WARN_UNDECLARED_SELECTOR = YES;
				GCC_WARN_UNINITIALIZED_AUTOS = YES_AGGRESSIVE;
				GCC_WARN_UNUSED_FUNCTION = YES;
				GCC_WARN_UNUSED_VARIABLE = YES;
				IPHONEOS_DEPLOYMENT_TARGET = 13.1;
				MTL_ENABLE_DEBUG_INFO = INCLUDE_SOURCE;
				MTL_FAST_MATH = YES;
				ONLY_ACTIVE_ARCH = YES;
				SDKROOT = iphoneos;
				SWIFT_ACTIVE_COMPILATION_CONDITIONS = DEBUG;
				SWIFT_OPTIMIZATION_LEVEL = "-Onone";
			};
			name = Debug;
		};
		EE42702A234F4A23007A63D9 /* Release */ = {
			isa = XCBuildConfiguration;
			buildSettings = {
				ALWAYS_SEARCH_USER_PATHS = NO;
				CLANG_ANALYZER_NONNULL = YES;
				CLANG_ANALYZER_NUMBER_OBJECT_CONVERSION = YES_AGGRESSIVE;
				CLANG_CXX_LANGUAGE_STANDARD = "gnu++14";
				CLANG_CXX_LIBRARY = "libc++";
				CLANG_ENABLE_MODULES = YES;
				CLANG_ENABLE_OBJC_ARC = YES;
				CLANG_ENABLE_OBJC_WEAK = YES;
				CLANG_WARN_BLOCK_CAPTURE_AUTORELEASING = YES;
				CLANG_WARN_BOOL_CONVERSION = YES;
				CLANG_WARN_COMMA = YES;
				CLANG_WARN_CONSTANT_CONVERSION = YES;
				CLANG_WARN_DEPRECATED_OBJC_IMPLEMENTATIONS = YES;
				CLANG_WARN_DIRECT_OBJC_ISA_USAGE = YES_ERROR;
				CLANG_WARN_DOCUMENTATION_COMMENTS = YES;
				CLANG_WARN_EMPTY_BODY = YES;
				CLANG_WARN_ENUM_CONVERSION = YES;
				CLANG_WARN_INFINITE_RECURSION = YES;
				CLANG_WARN_INT_CONVERSION = YES;
				CLANG_WARN_NON_LITERAL_NULL_CONVERSION = YES;
				CLANG_WARN_OBJC_IMPLICIT_RETAIN_SELF = YES;
				CLANG_WARN_OBJC_LITERAL_CONVERSION = YES;
				CLANG_WARN_OBJC_ROOT_CLASS = YES_ERROR;
				CLANG_WARN_RANGE_LOOP_ANALYSIS = YES;
				CLANG_WARN_STRICT_PROTOTYPES = YES;
				CLANG_WARN_SUSPICIOUS_MOVE = YES;
				CLANG_WARN_UNGUARDED_AVAILABILITY = YES_AGGRESSIVE;
				CLANG_WARN_UNREACHABLE_CODE = YES;
				CLANG_WARN__DUPLICATE_METHOD_MATCH = YES;
				COPY_PHASE_STRIP = NO;
				DEBUG_INFORMATION_FORMAT = "dwarf-with-dsym";
				ENABLE_NS_ASSERTIONS = NO;
				ENABLE_STRICT_OBJC_MSGSEND = YES;
				GCC_C_LANGUAGE_STANDARD = gnu11;
				GCC_NO_COMMON_BLOCKS = YES;
				GCC_WARN_64_TO_32_BIT_CONVERSION = YES;
				GCC_WARN_ABOUT_RETURN_TYPE = YES_ERROR;
				GCC_WARN_UNDECLARED_SELECTOR = YES;
				GCC_WARN_UNINITIALIZED_AUTOS = YES_AGGRESSIVE;
				GCC_WARN_UNUSED_FUNCTION = YES;
				GCC_WARN_UNUSED_VARIABLE = YES;
				IPHONEOS_DEPLOYMENT_TARGET = 13.1;
				MTL_ENABLE_DEBUG_INFO = NO;
				MTL_FAST_MATH = YES;
				SDKROOT = iphoneos;
				SWIFT_COMPILATION_MODE = wholemodule;
				SWIFT_OPTIMIZATION_LEVEL = "-O";
				VALIDATE_PRODUCT = YES;
			};
			name = Release;
		};
		EE42702C234F4A23007A63D9 /* Debug */ = {
			isa = XCBuildConfiguration;
			buildSettings = {
				ASSETCATALOG_COMPILER_APPICON_NAME = AppIcon;
				CODE_SIGN_STYLE = Automatic;
				DEVELOPMENT_ASSET_PATHS = "\"Time is Money/Resources/Preview Content\"";
				DEVELOPMENT_TEAM = Y93HUJS49V;
				ENABLE_PREVIEWS = YES;
				FRAMEWORK_SEARCH_PATHS = (
					"$(inherited)",
					"$(PROJECT_DIR)",
				);
				INFOPLIST_FILE = "Time is Money/Resources/Info.plist";
				LD_RUNPATH_SEARCH_PATHS = (
					"$(inherited)",
					"@executable_path/Frameworks",
				);
				PRODUCT_BUNDLE_IDENTIFIER = "br.com.victormelo.Time-is-Money";
				PRODUCT_NAME = "$(TARGET_NAME)";
				SWIFT_VERSION = 5.0;
				TARGETED_DEVICE_FAMILY = "1,2";
			};
			name = Debug;
		};
		EE42702D234F4A23007A63D9 /* Release */ = {
			isa = XCBuildConfiguration;
			buildSettings = {
				ASSETCATALOG_COMPILER_APPICON_NAME = AppIcon;
				CODE_SIGN_STYLE = Automatic;
				DEVELOPMENT_ASSET_PATHS = "\"Time is Money/Resources/Preview Content\"";
				DEVELOPMENT_TEAM = Y93HUJS49V;
				ENABLE_PREVIEWS = YES;
				FRAMEWORK_SEARCH_PATHS = (
					"$(inherited)",
					"$(PROJECT_DIR)",
				);
				INFOPLIST_FILE = "Time is Money/Resources/Info.plist";
				LD_RUNPATH_SEARCH_PATHS = (
					"$(inherited)",
					"@executable_path/Frameworks",
				);
				PRODUCT_BUNDLE_IDENTIFIER = "br.com.victormelo.Time-is-Money";
				PRODUCT_NAME = "$(TARGET_NAME)";
				SWIFT_VERSION = 5.0;
				TARGETED_DEVICE_FAMILY = "1,2";
			};
			name = Release;
		};
		EE42702F234F4A23007A63D9 /* Debug */ = {
			isa = XCBuildConfiguration;
			buildSettings = {
				ALWAYS_EMBED_SWIFT_STANDARD_LIBRARIES = YES;
				BUNDLE_LOADER = "$(TEST_HOST)";
				CODE_SIGN_STYLE = Automatic;
				DEVELOPMENT_TEAM = Y93HUJS49V;
				INFOPLIST_FILE = "Time is MoneyTests/Info.plist";
				IPHONEOS_DEPLOYMENT_TARGET = 13.1;
				LD_RUNPATH_SEARCH_PATHS = (
					"$(inherited)",
					"@executable_path/Frameworks",
					"@loader_path/Frameworks",
				);
				PRODUCT_BUNDLE_IDENTIFIER = "br.com.victormelo.Time-is-MoneyTests";
				PRODUCT_NAME = "$(TARGET_NAME)";
				SWIFT_VERSION = 5.0;
				TARGETED_DEVICE_FAMILY = "1,2";
				TEST_HOST = "$(BUILT_PRODUCTS_DIR)/Time is Money.app/Time is Money";
			};
			name = Debug;
		};
		EE427030234F4A23007A63D9 /* Release */ = {
			isa = XCBuildConfiguration;
			buildSettings = {
				ALWAYS_EMBED_SWIFT_STANDARD_LIBRARIES = YES;
				BUNDLE_LOADER = "$(TEST_HOST)";
				CODE_SIGN_STYLE = Automatic;
				DEVELOPMENT_TEAM = Y93HUJS49V;
				INFOPLIST_FILE = "Time is MoneyTests/Info.plist";
				IPHONEOS_DEPLOYMENT_TARGET = 13.1;
				LD_RUNPATH_SEARCH_PATHS = (
					"$(inherited)",
					"@executable_path/Frameworks",
					"@loader_path/Frameworks",
				);
				PRODUCT_BUNDLE_IDENTIFIER = "br.com.victormelo.Time-is-MoneyTests";
				PRODUCT_NAME = "$(TARGET_NAME)";
				SWIFT_VERSION = 5.0;
				TARGETED_DEVICE_FAMILY = "1,2";
				TEST_HOST = "$(BUILT_PRODUCTS_DIR)/Time is Money.app/Time is Money";
			};
			name = Release;
		};
		EE427032234F4A23007A63D9 /* Debug */ = {
			isa = XCBuildConfiguration;
			buildSettings = {
				ALWAYS_EMBED_SWIFT_STANDARD_LIBRARIES = YES;
				CODE_SIGN_STYLE = Automatic;
				DEVELOPMENT_TEAM = Y93HUJS49V;
				INFOPLIST_FILE = "Time is MoneyUITests/Info.plist";
				LD_RUNPATH_SEARCH_PATHS = (
					"$(inherited)",
					"@executable_path/Frameworks",
					"@loader_path/Frameworks",
				);
				PRODUCT_BUNDLE_IDENTIFIER = "br.com.victormelo.Time-is-MoneyUITests";
				PRODUCT_NAME = "$(TARGET_NAME)";
				SWIFT_VERSION = 5.0;
				TARGETED_DEVICE_FAMILY = "1,2";
				TEST_TARGET_NAME = "Time is Money";
			};
			name = Debug;
		};
		EE427033234F4A23007A63D9 /* Release */ = {
			isa = XCBuildConfiguration;
			buildSettings = {
				ALWAYS_EMBED_SWIFT_STANDARD_LIBRARIES = YES;
				CODE_SIGN_STYLE = Automatic;
				DEVELOPMENT_TEAM = Y93HUJS49V;
				INFOPLIST_FILE = "Time is MoneyUITests/Info.plist";
				LD_RUNPATH_SEARCH_PATHS = (
					"$(inherited)",
					"@executable_path/Frameworks",
					"@loader_path/Frameworks",
				);
				PRODUCT_BUNDLE_IDENTIFIER = "br.com.victormelo.Time-is-MoneyUITests";
				PRODUCT_NAME = "$(TARGET_NAME)";
				SWIFT_VERSION = 5.0;
				TARGETED_DEVICE_FAMILY = "1,2";
				TEST_TARGET_NAME = "Time is Money";
			};
			name = Release;
		};
/* End XCBuildConfiguration section */

/* Begin XCConfigurationList section */
		EE426FF9234F4A1E007A63D9 /* Build configuration list for PBXProject "Time is Money" */ = {
			isa = XCConfigurationList;
			buildConfigurations = (
				EE427029234F4A23007A63D9 /* Debug */,
				EE42702A234F4A23007A63D9 /* Release */,
			);
			defaultConfigurationIsVisible = 0;
			defaultConfigurationName = Release;
		};
		EE42702B234F4A23007A63D9 /* Build configuration list for PBXNativeTarget "Time is Money" */ = {
			isa = XCConfigurationList;
			buildConfigurations = (
				EE42702C234F4A23007A63D9 /* Debug */,
				EE42702D234F4A23007A63D9 /* Release */,
			);
			defaultConfigurationIsVisible = 0;
			defaultConfigurationName = Release;
		};
		EE42702E234F4A23007A63D9 /* Build configuration list for PBXNativeTarget "Time is MoneyTests" */ = {
			isa = XCConfigurationList;
			buildConfigurations = (
				EE42702F234F4A23007A63D9 /* Debug */,
				EE427030234F4A23007A63D9 /* Release */,
			);
			defaultConfigurationIsVisible = 0;
			defaultConfigurationName = Release;
		};
		EE427031234F4A23007A63D9 /* Build configuration list for PBXNativeTarget "Time is MoneyUITests" */ = {
			isa = XCConfigurationList;
			buildConfigurations = (
				EE427032234F4A23007A63D9 /* Debug */,
				EE427033234F4A23007A63D9 /* Release */,
			);
			defaultConfigurationIsVisible = 0;
			defaultConfigurationName = Release;
		};
/* End XCConfigurationList section */

/* Begin XCVersionGroup section */
		EE427005234F4A1E007A63D9 /* Time_is_Money.xcdatamodeld */ = {
			isa = XCVersionGroup;
			children = (
				EE427006234F4A1E007A63D9 /* Time_is_Money.xcdatamodel */,
			);
			currentVersion = EE427006234F4A1E007A63D9 /* Time_is_Money.xcdatamodel */;
			path = Time_is_Money.xcdatamodeld;
			sourceTree = "<group>";
			versionGroupType = wrapper.xcdatamodel;
		};
/* End XCVersionGroup section */
	};
	rootObject = EE426FF6234F4A1E007A63D9 /* Project object */;
}
