// !$*UTF8*$!
{
	archiveVersion = 1;
	classes = {
	};
	objectVersion = 50;
	objects = {

/* Begin PBXBuildFile section */
		EE768432234D16FD008FFDBF /* AppDelegate.swift in Sources */ = {isa = PBXBuildFile; fileRef = EE768431234D16FD008FFDBF /* AppDelegate.swift */; };
		EE768434234D16FD008FFDBF /* ViewController.swift in Sources */ = {isa = PBXBuildFile; fileRef = EE768433234D16FD008FFDBF /* ViewController.swift */; };
		EE768437234D16FD008FFDBF /* Main.storyboard in Resources */ = {isa = PBXBuildFile; fileRef = EE768435234D16FD008FFDBF /* Main.storyboard */; };
		EE76843A234D16FE008FFDBF /* Time_is_Money.xcdatamodeld in Sources */ = {isa = PBXBuildFile; fileRef = EE768438234D16FD008FFDBF /* Time_is_Money.xcdatamodeld */; };
		EE76843C234D1701008FFDBF /* Assets.xcassets in Resources */ = {isa = PBXBuildFile; fileRef = EE76843B234D1701008FFDBF /* Assets.xcassets */; };
		EE76843F234D1701008FFDBF /* LaunchScreen.storyboard in Resources */ = {isa = PBXBuildFile; fileRef = EE76843D234D1701008FFDBF /* LaunchScreen.storyboard */; };
		EE76844A234D1701008FFDBF /* Time_is_MoneyTests.swift in Sources */ = {isa = PBXBuildFile; fileRef = EE768449234D1701008FFDBF /* Time_is_MoneyTests.swift */; };
		EE768455234D1701008FFDBF /* Time_is_MoneyUITests.swift in Sources */ = {isa = PBXBuildFile; fileRef = EE768454234D1701008FFDBF /* Time_is_MoneyUITests.swift */; };
/* End PBXBuildFile section */

/* Begin PBXContainerItemProxy section */
		EE768446234D1701008FFDBF /* PBXContainerItemProxy */ = {
			isa = PBXContainerItemProxy;
			containerPortal = EE768426234D16FD008FFDBF /* Project object */;
			proxyType = 1;
			remoteGlobalIDString = EE76842D234D16FD008FFDBF;
			remoteInfo = "Time is Money";
		};
		EE768451234D1701008FFDBF /* PBXContainerItemProxy */ = {
			isa = PBXContainerItemProxy;
			containerPortal = EE768426234D16FD008FFDBF /* Project object */;
			proxyType = 1;
			remoteGlobalIDString = EE76842D234D16FD008FFDBF;
			remoteInfo = "Time is Money";
		};
/* End PBXContainerItemProxy section */

/* Begin PBXFileReference section */
		EE76842E234D16FD008FFDBF /* Time is Money.app */ = {isa = PBXFileReference; explicitFileType = wrapper.application; includeInIndex = 0; path = "Time is Money.app"; sourceTree = BUILT_PRODUCTS_DIR; };
		EE768431234D16FD008FFDBF /* AppDelegate.swift */ = {isa = PBXFileReference; lastKnownFileType = sourcecode.swift; path = AppDelegate.swift; sourceTree = "<group>"; };
		EE768433234D16FD008FFDBF /* ViewController.swift */ = {isa = PBXFileReference; lastKnownFileType = sourcecode.swift; path = ViewController.swift; sourceTree = "<group>"; };
		EE768436234D16FD008FFDBF /* Base */ = {isa = PBXFileReference; lastKnownFileType = file.storyboard; name = Base; path = Base.lproj/Main.storyboard; sourceTree = "<group>"; };
		EE768439234D16FE008FFDBF /* Time_is_Money.xcdatamodel */ = {isa = PBXFileReference; lastKnownFileType = wrapper.xcdatamodel; path = Time_is_Money.xcdatamodel; sourceTree = "<group>"; };
		EE76843B234D1701008FFDBF /* Assets.xcassets */ = {isa = PBXFileReference; lastKnownFileType = folder.assetcatalog; path = Assets.xcassets; sourceTree = "<group>"; };
		EE76843E234D1701008FFDBF /* Base */ = {isa = PBXFileReference; lastKnownFileType = file.storyboard; name = Base; path = Base.lproj/LaunchScreen.storyboard; sourceTree = "<group>"; };
		EE768440234D1701008FFDBF /* Info.plist */ = {isa = PBXFileReference; lastKnownFileType = text.plist.xml; path = Info.plist; sourceTree = "<group>"; };
		EE768445234D1701008FFDBF /* Time is MoneyTests.xctest */ = {isa = PBXFileReference; explicitFileType = wrapper.cfbundle; includeInIndex = 0; path = "Time is MoneyTests.xctest"; sourceTree = BUILT_PRODUCTS_DIR; };
		EE768449234D1701008FFDBF /* Time_is_MoneyTests.swift */ = {isa = PBXFileReference; lastKnownFileType = sourcecode.swift; path = Time_is_MoneyTests.swift; sourceTree = "<group>"; };
		EE76844B234D1701008FFDBF /* Info.plist */ = {isa = PBXFileReference; lastKnownFileType = text.plist.xml; path = Info.plist; sourceTree = "<group>"; };
		EE768450234D1701008FFDBF /* Time is MoneyUITests.xctest */ = {isa = PBXFileReference; explicitFileType = wrapper.cfbundle; includeInIndex = 0; path = "Time is MoneyUITests.xctest"; sourceTree = BUILT_PRODUCTS_DIR; };
		EE768454234D1701008FFDBF /* Time_is_MoneyUITests.swift */ = {isa = PBXFileReference; lastKnownFileType = sourcecode.swift; path = Time_is_MoneyUITests.swift; sourceTree = "<group>"; };
		EE768456234D1701008FFDBF /* Info.plist */ = {isa = PBXFileReference; lastKnownFileType = text.plist.xml; path = Info.plist; sourceTree = "<group>"; };
/* End PBXFileReference section */

/* Begin PBXFrameworksBuildPhase section */
		EE76842B234D16FD008FFDBF /* Frameworks */ = {
			isa = PBXFrameworksBuildPhase;
			buildActionMask = 2147483647;
			files = (
			);
			runOnlyForDeploymentPostprocessing = 0;
		};
		EE768442234D1701008FFDBF /* Frameworks */ = {
			isa = PBXFrameworksBuildPhase;
			buildActionMask = 2147483647;
			files = (
			);
			runOnlyForDeploymentPostprocessing = 0;
		};
		EE76844D234D1701008FFDBF /* Frameworks */ = {
			isa = PBXFrameworksBuildPhase;
			buildActionMask = 2147483647;
			files = (
			);
			runOnlyForDeploymentPostprocessing = 0;
		};
/* End PBXFrameworksBuildPhase section */

/* Begin PBXGroup section */
		EE768425234D16FD008FFDBF = {
			isa = PBXGroup;
			children = (
				EE768430234D16FD008FFDBF /* Time is Money */,
				EE768448234D1701008FFDBF /* Time is MoneyTests */,
				EE768453234D1701008FFDBF /* Time is MoneyUITests */,
				EE76842F234D16FD008FFDBF /* Products */,
			);
			sourceTree = "<group>";
		};
		EE76842F234D16FD008FFDBF /* Products */ = {
			isa = PBXGroup;
			children = (
				EE76842E234D16FD008FFDBF /* Time is Money.app */,
				EE768445234D1701008FFDBF /* Time is MoneyTests.xctest */,
				EE768450234D1701008FFDBF /* Time is MoneyUITests.xctest */,
			);
			name = Products;
			sourceTree = "<group>";
		};
		EE768430234D16FD008FFDBF /* Time is Money */ = {
			isa = PBXGroup;
			children = (
				EE768431234D16FD008FFDBF /* AppDelegate.swift */,
				EE768433234D16FD008FFDBF /* ViewController.swift */,
				EE768435234D16FD008FFDBF /* Main.storyboard */,
				EE76843B234D1701008FFDBF /* Assets.xcassets */,
				EE76843D234D1701008FFDBF /* LaunchScreen.storyboard */,
				EE768440234D1701008FFDBF /* Info.plist */,
				EE768438234D16FD008FFDBF /* Time_is_Money.xcdatamodeld */,
			);
			path = "Time is Money";
			sourceTree = "<group>";
		};
		EE768448234D1701008FFDBF /* Time is MoneyTests */ = {
			isa = PBXGroup;
			children = (
				EE768449234D1701008FFDBF /* Time_is_MoneyTests.swift */,
				EE76844B234D1701008FFDBF /* Info.plist */,
			);
			path = "Time is MoneyTests";
			sourceTree = "<group>";
		};
		EE768453234D1701008FFDBF /* Time is MoneyUITests */ = {
			isa = PBXGroup;
			children = (
				EE768454234D1701008FFDBF /* Time_is_MoneyUITests.swift */,
				EE768456234D1701008FFDBF /* Info.plist */,
			);
			path = "Time is MoneyUITests";
			sourceTree = "<group>";
		};
/* End PBXGroup section */

/* Begin PBXNativeTarget section */
		EE76842D234D16FD008FFDBF /* Time is Money */ = {
			isa = PBXNativeTarget;
			buildConfigurationList = EE768459234D1701008FFDBF /* Build configuration list for PBXNativeTarget "Time is Money" */;
			buildPhases = (
				EE76842A234D16FD008FFDBF /* Sources */,
				EE76842B234D16FD008FFDBF /* Frameworks */,
				EE76842C234D16FD008FFDBF /* Resources */,
			);
			buildRules = (
			);
			dependencies = (
			);
			name = "Time is Money";
			productName = "Time is Money";
			productReference = EE76842E234D16FD008FFDBF /* Time is Money.app */;
			productType = "com.apple.product-type.application";
		};
		EE768444234D1701008FFDBF /* Time is MoneyTests */ = {
			isa = PBXNativeTarget;
			buildConfigurationList = EE76845C234D1701008FFDBF /* Build configuration list for PBXNativeTarget "Time is MoneyTests" */;
			buildPhases = (
				EE768441234D1701008FFDBF /* Sources */,
				EE768442234D1701008FFDBF /* Frameworks */,
				EE768443234D1701008FFDBF /* Resources */,
			);
			buildRules = (
			);
			dependencies = (
				EE768447234D1701008FFDBF /* PBXTargetDependency */,
			);
			name = "Time is MoneyTests";
			productName = "Time is MoneyTests";
			productReference = EE768445234D1701008FFDBF /* Time is MoneyTests.xctest */;
			productType = "com.apple.product-type.bundle.unit-test";
		};
		EE76844F234D1701008FFDBF /* Time is MoneyUITests */ = {
			isa = PBXNativeTarget;
			buildConfigurationList = EE76845F234D1701008FFDBF /* Build configuration list for PBXNativeTarget "Time is MoneyUITests" */;
			buildPhases = (
				EE76844C234D1701008FFDBF /* Sources */,
				EE76844D234D1701008FFDBF /* Frameworks */,
				EE76844E234D1701008FFDBF /* Resources */,
			);
			buildRules = (
			);
			dependencies = (
				EE768452234D1701008FFDBF /* PBXTargetDependency */,
			);
			name = "Time is MoneyUITests";
			productName = "Time is MoneyUITests";
			productReference = EE768450234D1701008FFDBF /* Time is MoneyUITests.xctest */;
			productType = "com.apple.product-type.bundle.ui-testing";
		};
/* End PBXNativeTarget section */

/* Begin PBXProject section */
		EE768426234D16FD008FFDBF /* Project object */ = {
			isa = PBXProject;
			attributes = {
				LastSwiftUpdateCheck = 1020;
				LastUpgradeCheck = 1020;
				ORGANIZATIONNAME = "Victor Melo";
				TargetAttributes = {
					EE76842D234D16FD008FFDBF = {
						CreatedOnToolsVersion = 10.2.1;
					};
					EE768444234D1701008FFDBF = {
						CreatedOnToolsVersion = 10.2.1;
						TestTargetID = EE76842D234D16FD008FFDBF;
					};
					EE76844F234D1701008FFDBF = {
						CreatedOnToolsVersion = 10.2.1;
						TestTargetID = EE76842D234D16FD008FFDBF;
					};
				};
			};
			buildConfigurationList = EE768429234D16FD008FFDBF /* Build configuration list for PBXProject "Time is Money" */;
			compatibilityVersion = "Xcode 9.3";
			developmentRegion = en;
			hasScannedForEncodings = 0;
			knownRegions = (
				en,
				Base,
			);
			mainGroup = EE768425234D16FD008FFDBF;
			productRefGroup = EE76842F234D16FD008FFDBF /* Products */;
			projectDirPath = "";
			projectRoot = "";
			targets = (
				EE76842D234D16FD008FFDBF /* Time is Money */,
				EE768444234D1701008FFDBF /* Time is MoneyTests */,
				EE76844F234D1701008FFDBF /* Time is MoneyUITests */,
			);
		};
/* End PBXProject section */

/* Begin PBXResourcesBuildPhase section */
		EE76842C234D16FD008FFDBF /* Resources */ = {
			isa = PBXResourcesBuildPhase;
			buildActionMask = 2147483647;
			files = (
				EE76843F234D1701008FFDBF /* LaunchScreen.storyboard in Resources */,
				EE76843C234D1701008FFDBF /* Assets.xcassets in Resources */,
				EE768437234D16FD008FFDBF /* Main.storyboard in Resources */,
			);
			runOnlyForDeploymentPostprocessing = 0;
		};
		EE768443234D1701008FFDBF /* Resources */ = {
			isa = PBXResourcesBuildPhase;
			buildActionMask = 2147483647;
			files = (
			);
			runOnlyForDeploymentPostprocessing = 0;
		};
		EE76844E234D1701008FFDBF /* Resources */ = {
			isa = PBXResourcesBuildPhase;
			buildActionMask = 2147483647;
			files = (
			);
			runOnlyForDeploymentPostprocessing = 0;
		};
/* End PBXResourcesBuildPhase section */

/* Begin PBXSourcesBuildPhase section */
		EE76842A234D16FD008FFDBF /* Sources */ = {
			isa = PBXSourcesBuildPhase;
			buildActionMask = 2147483647;
			files = (
				EE76843A234D16FE008FFDBF /* Time_is_Money.xcdatamodeld in Sources */,
				EE768434234D16FD008FFDBF /* ViewController.swift in Sources */,
				EE768432234D16FD008FFDBF /* AppDelegate.swift in Sources */,
			);
			runOnlyForDeploymentPostprocessing = 0;
		};
		EE768441234D1701008FFDBF /* Sources */ = {
			isa = PBXSourcesBuildPhase;
			buildActionMask = 2147483647;
			files = (
				EE76844A234D1701008FFDBF /* Time_is_MoneyTests.swift in Sources */,
			);
			runOnlyForDeploymentPostprocessing = 0;
		};
		EE76844C234D1701008FFDBF /* Sources */ = {
			isa = PBXSourcesBuildPhase;
			buildActionMask = 2147483647;
			files = (
				EE768455234D1701008FFDBF /* Time_is_MoneyUITests.swift in Sources */,
			);
			runOnlyForDeploymentPostprocessing = 0;
		};
/* End PBXSourcesBuildPhase section */

/* Begin PBXTargetDependency section */
		EE768447234D1701008FFDBF /* PBXTargetDependency */ = {
			isa = PBXTargetDependency;
			target = EE76842D234D16FD008FFDBF /* Time is Money */;
			targetProxy = EE768446234D1701008FFDBF /* PBXContainerItemProxy */;
		};
		EE768452234D1701008FFDBF /* PBXTargetDependency */ = {
			isa = PBXTargetDependency;
			target = EE76842D234D16FD008FFDBF /* Time is Money */;
			targetProxy = EE768451234D1701008FFDBF /* PBXContainerItemProxy */;
		};
/* End PBXTargetDependency section */

/* Begin PBXVariantGroup section */
		EE768435234D16FD008FFDBF /* Main.storyboard */ = {
			isa = PBXVariantGroup;
			children = (
				EE768436234D16FD008FFDBF /* Base */,
			);
			name = Main.storyboard;
			sourceTree = "<group>";
		};
		EE76843D234D1701008FFDBF /* LaunchScreen.storyboard */ = {
			isa = PBXVariantGroup;
			children = (
				EE76843E234D1701008FFDBF /* Base */,
			);
			name = LaunchScreen.storyboard;
			sourceTree = "<group>";
		};
/* End PBXVariantGroup section */

/* Begin XCBuildConfiguration section */
		EE768457234D1701008FFDBF /* Debug */ = {
			isa = XCBuildConfiguration;
			buildSettings = {
				ALWAYS_SEARCH_USER_PATHS = NO;
				CLANG_ANALYZER_NONNULL = YES;
				CLANG_ANALYZER_NUMBER_OBJECT_CONVERSION = YES_AGGRESSIVE;
				CLANG_CXX_LANGUAGE_STANDARD = "gnu++14";
				CLANG_CXX_LIBRARY = "libc++";
				CLANG_ENABLE_MODULES = YES;
				CLANG_ENABLE_OBJC_ARC = YES;
				CLANG_ENABLE_OBJC_WEAK = YES;
				CLANG_WARN_BLOCK_CAPTURE_AUTORELEASING = YES;
				CLANG_WARN_BOOL_CONVERSION = YES;
				CLANG_WARN_COMMA = YES;
				CLANG_WARN_CONSTANT_CONVERSION = YES;
				CLANG_WARN_DEPRECATED_OBJC_IMPLEMENTATIONS = YES;
				CLANG_WARN_DIRECT_OBJC_ISA_USAGE = YES_ERROR;
				CLANG_WARN_DOCUMENTATION_COMMENTS = YES;
				CLANG_WARN_EMPTY_BODY = YES;
				CLANG_WARN_ENUM_CONVERSION = YES;
				CLANG_WARN_INFINITE_RECURSION = YES;
				CLANG_WARN_INT_CONVERSION = YES;
				CLANG_WARN_NON_LITERAL_NULL_CONVERSION = YES;
				CLANG_WARN_OBJC_IMPLICIT_RETAIN_SELF = YES;
				CLANG_WARN_OBJC_LITERAL_CONVERSION = YES;
				CLANG_WARN_OBJC_ROOT_CLASS = YES_ERROR;
				CLANG_WARN_RANGE_LOOP_ANALYSIS = YES;
				CLANG_WARN_STRICT_PROTOTYPES = YES;
				CLANG_WARN_SUSPICIOUS_MOVE = YES;
				CLANG_WARN_UNGUARDED_AVAILABILITY = YES_AGGRESSIVE;
				CLANG_WARN_UNREACHABLE_CODE = YES;
				CLANG_WARN__DUPLICATE_METHOD_MATCH = YES;
				CODE_SIGN_IDENTITY = "iPhone Developer";
				COPY_PHASE_STRIP = NO;
				DEBUG_INFORMATION_FORMAT = dwarf;
				ENABLE_STRICT_OBJC_MSGSEND = YES;
				ENABLE_TESTABILITY = YES;
				GCC_C_LANGUAGE_STANDARD = gnu11;
				GCC_DYNAMIC_NO_PIC = NO;
				GCC_NO_COMMON_BLOCKS = YES;
				GCC_OPTIMIZATION_LEVEL = 0;
				GCC_PREPROCESSOR_DEFINITIONS = (
					"DEBUG=1",
					"$(inherited)",
				);
				GCC_WARN_64_TO_32_BIT_CONVERSION = YES;
				GCC_WARN_ABOUT_RETURN_TYPE = YES_ERROR;
				GCC_WARN_UNDECLARED_SELECTOR = YES;
				GCC_WARN_UNINITIALIZED_AUTOS = YES_AGGRESSIVE;
				GCC_WARN_UNUSED_FUNCTION = YES;
				GCC_WARN_UNUSED_VARIABLE = YES;
				IPHONEOS_DEPLOYMENT_TARGET = 12.2;
				MTL_ENABLE_DEBUG_INFO = INCLUDE_SOURCE;
				MTL_FAST_MATH = YES;
				ONLY_ACTIVE_ARCH = YES;
				SDKROOT = iphoneos;
				SWIFT_ACTIVE_COMPILATION_CONDITIONS = DEBUG;
				SWIFT_OPTIMIZATION_LEVEL = "-Onone";
			};
			name = Debug;
		};
		EE768458234D1701008FFDBF /* Release */ = {
			isa = XCBuildConfiguration;
			buildSettings = {
				ALWAYS_SEARCH_USER_PATHS = NO;
				CLANG_ANALYZER_NONNULL = YES;
				CLANG_ANALYZER_NUMBER_OBJECT_CONVERSION = YES_AGGRESSIVE;
				CLANG_CXX_LANGUAGE_STANDARD = "gnu++14";
				CLANG_CXX_LIBRARY = "libc++";
				CLANG_ENABLE_MODULES = YES;
				CLANG_ENABLE_OBJC_ARC = YES;
				CLANG_ENABLE_OBJC_WEAK = YES;
				CLANG_WARN_BLOCK_CAPTURE_AUTORELEASING = YES;
				CLANG_WARN_BOOL_CONVERSION = YES;
				CLANG_WARN_COMMA = YES;
				CLANG_WARN_CONSTANT_CONVERSION = YES;
				CLANG_WARN_DEPRECATED_OBJC_IMPLEMENTATIONS = YES;
				CLANG_WARN_DIRECT_OBJC_ISA_USAGE = YES_ERROR;
				CLANG_WARN_DOCUMENTATION_COMMENTS = YES;
				CLANG_WARN_EMPTY_BODY = YES;
				CLANG_WARN_ENUM_CONVERSION = YES;
				CLANG_WARN_INFINITE_RECURSION = YES;
				CLANG_WARN_INT_CONVERSION = YES;
				CLANG_WARN_NON_LITERAL_NULL_CONVERSION = YES;
				CLANG_WARN_OBJC_IMPLICIT_RETAIN_SELF = YES;
				CLANG_WARN_OBJC_LITERAL_CONVERSION = YES;
				CLANG_WARN_OBJC_ROOT_CLASS = YES_ERROR;
				CLANG_WARN_RANGE_LOOP_ANALYSIS = YES;
				CLANG_WARN_STRICT_PROTOTYPES = YES;
				CLANG_WARN_SUSPICIOUS_MOVE = YES;
				CLANG_WARN_UNGUARDED_AVAILABILITY = YES_AGGRESSIVE;
				CLANG_WARN_UNREACHABLE_CODE = YES;
				CLANG_WARN__DUPLICATE_METHOD_MATCH = YES;
				CODE_SIGN_IDENTITY = "iPhone Developer";
				COPY_PHASE_STRIP = NO;
				DEBUG_INFORMATION_FORMAT = "dwarf-with-dsym";
				ENABLE_NS_ASSERTIONS = NO;
				ENABLE_STRICT_OBJC_MSGSEND = YES;
				GCC_C_LANGUAGE_STANDARD = gnu11;
				GCC_NO_COMMON_BLOCKS = YES;
				GCC_WARN_64_TO_32_BIT_CONVERSION = YES;
				GCC_WARN_ABOUT_RETURN_TYPE = YES_ERROR;
				GCC_WARN_UNDECLARED_SELECTOR = YES;
				GCC_WARN_UNINITIALIZED_AUTOS = YES_AGGRESSIVE;
				GCC_WARN_UNUSED_FUNCTION = YES;
				GCC_WARN_UNUSED_VARIABLE = YES;
				IPHONEOS_DEPLOYMENT_TARGET = 12.2;
				MTL_ENABLE_DEBUG_INFO = NO;
				MTL_FAST_MATH = YES;
				SDKROOT = iphoneos;
				SWIFT_COMPILATION_MODE = wholemodule;
				SWIFT_OPTIMIZATION_LEVEL = "-O";
				VALIDATE_PRODUCT = YES;
			};
			name = Release;
		};
		EE76845A234D1701008FFDBF /* Debug */ = {
			isa = XCBuildConfiguration;
			buildSettings = {
				ASSETCATALOG_COMPILER_APPICON_NAME = AppIcon;
				CODE_SIGN_STYLE = Automatic;
				DEVELOPMENT_TEAM = Y93HUJS49V;
				INFOPLIST_FILE = "Time is Money/Info.plist";
				LD_RUNPATH_SEARCH_PATHS = (
					"$(inherited)",
					"@executable_path/Frameworks",
				);
				PRODUCT_BUNDLE_IDENTIFIER = "br.com.victormelo.Time-is-Money";
				PRODUCT_NAME = "$(TARGET_NAME)";
				SWIFT_VERSION = 5.0;
				TARGETED_DEVICE_FAMILY = "1,2";
			};
			name = Debug;
		};
		EE76845B234D1701008FFDBF /* Release */ = {
			isa = XCBuildConfiguration;
			buildSettings = {
				ASSETCATALOG_COMPILER_APPICON_NAME = AppIcon;
				CODE_SIGN_STYLE = Automatic;
				DEVELOPMENT_TEAM = Y93HUJS49V;
				INFOPLIST_FILE = "Time is Money/Info.plist";
				LD_RUNPATH_SEARCH_PATHS = (
					"$(inherited)",
					"@executable_path/Frameworks",
				);
				PRODUCT_BUNDLE_IDENTIFIER = "br.com.victormelo.Time-is-Money";
				PRODUCT_NAME = "$(TARGET_NAME)";
				SWIFT_VERSION = 5.0;
				TARGETED_DEVICE_FAMILY = "1,2";
			};
			name = Release;
		};
		EE76845D234D1701008FFDBF /* Debug */ = {
			isa = XCBuildConfiguration;
			buildSettings = {
				ALWAYS_EMBED_SWIFT_STANDARD_LIBRARIES = YES;
				BUNDLE_LOADER = "$(TEST_HOST)";
				CODE_SIGN_STYLE = Automatic;
				DEVELOPMENT_TEAM = Y93HUJS49V;
				INFOPLIST_FILE = "Time is MoneyTests/Info.plist";
				LD_RUNPATH_SEARCH_PATHS = (
					"$(inherited)",
					"@executable_path/Frameworks",
					"@loader_path/Frameworks",
				);
				PRODUCT_BUNDLE_IDENTIFIER = "br.com.victormelo.Time-is-MoneyTests";
				PRODUCT_NAME = "$(TARGET_NAME)";
				SWIFT_VERSION = 5.0;
				TARGETED_DEVICE_FAMILY = "1,2";
				TEST_HOST = "$(BUILT_PRODUCTS_DIR)/Time is Money.app/Time is Money";
			};
			name = Debug;
		};
		EE76845E234D1701008FFDBF /* Release */ = {
			isa = XCBuildConfiguration;
			buildSettings = {
				ALWAYS_EMBED_SWIFT_STANDARD_LIBRARIES = YES;
				BUNDLE_LOADER = "$(TEST_HOST)";
				CODE_SIGN_STYLE = Automatic;
				DEVELOPMENT_TEAM = Y93HUJS49V;
				INFOPLIST_FILE = "Time is MoneyTests/Info.plist";
				LD_RUNPATH_SEARCH_PATHS = (
					"$(inherited)",
					"@executable_path/Frameworks",
					"@loader_path/Frameworks",
				);
				PRODUCT_BUNDLE_IDENTIFIER = "br.com.victormelo.Time-is-MoneyTests";
				PRODUCT_NAME = "$(TARGET_NAME)";
				SWIFT_VERSION = 5.0;
				TARGETED_DEVICE_FAMILY = "1,2";
				TEST_HOST = "$(BUILT_PRODUCTS_DIR)/Time is Money.app/Time is Money";
			};
			name = Release;
		};
		EE768460234D1701008FFDBF /* Debug */ = {
			isa = XCBuildConfiguration;
			buildSettings = {
				ALWAYS_EMBED_SWIFT_STANDARD_LIBRARIES = YES;
				CODE_SIGN_STYLE = Automatic;
				DEVELOPMENT_TEAM = Y93HUJS49V;
				INFOPLIST_FILE = "Time is MoneyUITests/Info.plist";
				LD_RUNPATH_SEARCH_PATHS = (
					"$(inherited)",
					"@executable_path/Frameworks",
					"@loader_path/Frameworks",
				);
				PRODUCT_BUNDLE_IDENTIFIER = "br.com.victormelo.Time-is-MoneyUITests";
				PRODUCT_NAME = "$(TARGET_NAME)";
				SWIFT_VERSION = 5.0;
				TARGETED_DEVICE_FAMILY = "1,2";
				TEST_TARGET_NAME = "Time is Money";
			};
			name = Debug;
		};
		EE768461234D1701008FFDBF /* Release */ = {
			isa = XCBuildConfiguration;
			buildSettings = {
				ALWAYS_EMBED_SWIFT_STANDARD_LIBRARIES = YES;
				CODE_SIGN_STYLE = Automatic;
				DEVELOPMENT_TEAM = Y93HUJS49V;
				INFOPLIST_FILE = "Time is MoneyUITests/Info.plist";
				LD_RUNPATH_SEARCH_PATHS = (
					"$(inherited)",
					"@executable_path/Frameworks",
					"@loader_path/Frameworks",
				);
				PRODUCT_BUNDLE_IDENTIFIER = "br.com.victormelo.Time-is-MoneyUITests";
				PRODUCT_NAME = "$(TARGET_NAME)";
				SWIFT_VERSION = 5.0;
				TARGETED_DEVICE_FAMILY = "1,2";
				TEST_TARGET_NAME = "Time is Money";
			};
			name = Release;
		};
/* End XCBuildConfiguration section */

/* Begin XCConfigurationList section */
		EE768429234D16FD008FFDBF /* Build configuration list for PBXProject "Time is Money" */ = {
			isa = XCConfigurationList;
			buildConfigurations = (
				EE768457234D1701008FFDBF /* Debug */,
				EE768458234D1701008FFDBF /* Release */,
			);
			defaultConfigurationIsVisible = 0;
			defaultConfigurationName = Release;
		};
		EE768459234D1701008FFDBF /* Build configuration list for PBXNativeTarget "Time is Money" */ = {
			isa = XCConfigurationList;
			buildConfigurations = (
				EE76845A234D1701008FFDBF /* Debug */,
				EE76845B234D1701008FFDBF /* Release */,
			);
			defaultConfigurationIsVisible = 0;
			defaultConfigurationName = Release;
		};
		EE76845C234D1701008FFDBF /* Build configuration list for PBXNativeTarget "Time is MoneyTests" */ = {
			isa = XCConfigurationList;
			buildConfigurations = (
				EE76845D234D1701008FFDBF /* Debug */,
				EE76845E234D1701008FFDBF /* Release */,
			);
			defaultConfigurationIsVisible = 0;
			defaultConfigurationName = Release;
		};
		EE76845F234D1701008FFDBF /* Build configuration list for PBXNativeTarget "Time is MoneyUITests" */ = {
			isa = XCConfigurationList;
			buildConfigurations = (
				EE768460234D1701008FFDBF /* Debug */,
				EE768461234D1701008FFDBF /* Release */,
			);
			defaultConfigurationIsVisible = 0;
			defaultConfigurationName = Release;
		};
/* End XCConfigurationList section */

/* Begin XCVersionGroup section */
		EE768438234D16FD008FFDBF /* Time_is_Money.xcdatamodeld */ = {
			isa = XCVersionGroup;
			children = (
				EE768439234D16FE008FFDBF /* Time_is_Money.xcdatamodel */,
			);
			currentVersion = EE768439234D16FE008FFDBF /* Time_is_Money.xcdatamodel */;
			path = Time_is_Money.xcdatamodeld;
			sourceTree = "<group>";
			versionGroupType = wrapper.xcdatamodel;
		};
/* End XCVersionGroup section */
	};
	rootObject = EE768426234D16FD008FFDBF /* Project object */;
}
